
Microsoft Visual Studio Solution File, Format Version 12.00
# Visual Studio 15
VisualStudioVersion = 15.0.26124.0
MinimumVisualStudioVersion = 15.0.26124.0
Project("{FAE04EC0-301F-11D3-BF4B-00C04F79EFBC}") = "Penguin.Cms.Web.Local", "Penguin.Cms.Web.Local.csproj", "{530F0E6E-6068-4915-B2C7-8CEDF23ADB38}"
EndProject
Project("{FAE04EC0-301F-11D3-BF4B-00C04F79EFBC}") = "Penguin.Cms.Abstractions.Local", "..\Penguin.Cms.Abstractions\Penguin.Cms.Abstractions.Local.csproj", "{DF6E58D8-9970-4282-8F4B-B95F0E9B325A}"
EndProject
Project("{FAE04EC0-301F-11D3-BF4B-00C04F79EFBC}") = "Penguin.DependencyInjection.Abstractions.Local", "..\Penguin.DependencyInjection.Abstractions\Penguin.DependencyInjection.Abstractions.Local.csproj", "{6CA98B5C-22E5-4491-A45E-03274F40A04C}"
EndProject
Project("{FAE04EC0-301F-11D3-BF4B-00C04F79EFBC}") = "Penguin.Persistence.Abstractions.Local", "..\Penguin.Persistence.Abstractions\Penguin.Persistence.Abstractions.Local.csproj", "{4F92A73B-FBEE-4CB7-B6A9-0A9DBF5F349D}"
EndProject
Project("{FAE04EC0-301F-11D3-BF4B-00C04F79EFBC}") = "Penguin.Entities.Abstractions.Local", "..\Penguin.Entities.Abstractions\Penguin.Entities.Abstractions.Local.csproj", "{BDB79332-A4AA-4572-9E3F-BB92DA06636B}"
EndProject
Project("{FAE04EC0-301F-11D3-BF4B-00C04F79EFBC}") = "Penguin.Reflection.Extensions.Local", "..\Penguin.Reflection.Extensions\Penguin.Reflection.Extensions.Local.csproj", "{C33E9F4A-95A4-4B36-BC33-B04467FB5BE7}"
EndProject
Project("{FAE04EC0-301F-11D3-BF4B-00C04F79EFBC}") = "Penguin.Extensions.String.Local", "..\Penguin.Extensions.String\Penguin.Extensions.String.Local.csproj", "{84BACFBD-A75E-496B-A9E4-A3E34A4B6BFF}"
EndProject
Project("{FAE04EC0-301F-11D3-BF4B-00C04F79EFBC}") = "Penguin.Reflection.Abstractions.Local", "..\Penguin.Reflection.Abstractions\Penguin.Reflection.Abstractions.Local.csproj", "{50137DF3-B949-497C-B3DE-1DCA2AD037E6}"
EndProject
Project("{FAE04EC0-301F-11D3-BF4B-00C04F79EFBC}") = "Penguin.Cms.Entities.Local", "..\Penguin.Cms.Entities\Penguin.Cms.Entities.Local.csproj", "{F8BE124B-D752-46F4-ADA2-23AF87982B95}"
EndProject
Project("{FAE04EC0-301F-11D3-BF4B-00C04F79EFBC}") = "Penguin.Configuration.Local", "..\Penguin.Configuration\Penguin.Configuration.Local.csproj", "{96983310-9347-445F-84F3-AEDC2121AD22}"
EndProject
Project("{FAE04EC0-301F-11D3-BF4B-00C04F79EFBC}") = "Penguin.Configuration.Abstractions.Local", "..\Penguin.Configuration.Abstractions\Penguin.Configuration.Abstractions.Local.csproj", "{8AF9651D-4B43-4361-A9F5-90AF9F1945D1}"
EndProject
Project("{FAE04EC0-301F-11D3-BF4B-00C04F79EFBC}") = "Penguin.DependencyInjection.Local", "..\Penguin.DependencyInjection\Penguin.DependencyInjection.Local.csproj", "{44C2174F-84FD-4297-B1BA-F6CAC4C4D3B6}"
EndProject
Project("{FAE04EC0-301F-11D3-BF4B-00C04F79EFBC}") = "Penguin.Reflection.Local", "..\Penguin.Reflection\Penguin.Reflection.Local.csproj", "{932A4D76-29D6-48BC-839D-4B02EB9C0445}"
EndProject
Project("{FAE04EC0-301F-11D3-BF4B-00C04F79EFBC}") = "Penguin.Debugging.Local", "..\Penguin.Debugging\Penguin.Debugging.Local.csproj", "{FE9088A0-6A2F-4D72-8FDE-6EC19F1F2571}"
EndProject
Project("{FAE04EC0-301F-11D3-BF4B-00C04F79EFBC}") = "Penguin.Extensions.Exceptions.Local", "..\Penguin.Extensions.Exceptions\Penguin.Extensions.Exceptions.Local.csproj", "{98801047-309B-487E-9279-E67AF28EC2A6}"
EndProject
Project("{FAE04EC0-301F-11D3-BF4B-00C04F79EFBC}") = "Penguin.Extensions.Collections.Local", "..\Penguin.Extensions.Collections\Penguin.Extensions.Collections.Local.csproj", "{5FB6689A-DDB0-4ADE-91A8-05DC70B431F5}"
EndProject
Project("{FAE04EC0-301F-11D3-BF4B-00C04F79EFBC}") = "Penguin.Files.Local", "..\Penguin.Files\Penguin.Files.Local.csproj", "{5457452E-81E0-4CA6-ABCA-6B4F0DD5009C}"
EndProject
Project("{FAE04EC0-301F-11D3-BF4B-00C04F79EFBC}") = "Penguin.Files.Abstractions.Local", "..\Penguin.Files.Abstractions\Penguin.Files.Abstractions.Local.csproj", "{3EEEB288-F162-47BB-ADBE-B476DB4ED71A}"
EndProject
Project("{FAE04EC0-301F-11D3-BF4B-00C04F79EFBC}") = "Penguin.Security.Abstractions.Local", "..\Penguin.Security.Abstractions\Penguin.Security.Abstractions.Local.csproj", "{2D207927-B7E7-49E1-99DF-8DFD6A9EA216}"
EndProject
Project("{FAE04EC0-301F-11D3-BF4B-00C04F79EFBC}") = "Penguin.Messaging.Application.Local", "..\Penguin.Messaging.Application\Penguin.Messaging.Application.Local.csproj", "{1E33A9BB-428D-4EFA-A521-ED79E03A339E}"
EndProject
Project("{FAE04EC0-301F-11D3-BF4B-00C04F79EFBC}") = "Penguin.Messaging.Abstractions.Local", "..\Penguin.Messaging.Abstractions\Penguin.Messaging.Abstractions.Local.csproj", "{12B5F10E-38E6-4A86-B754-122DB27EB8BB}"
EndProject
Project("{FAE04EC0-301F-11D3-BF4B-00C04F79EFBC}") = "Penguin.Messaging.Core.Local", "..\Penguin.Messaging.Core\Penguin.Messaging.Core.Local.csproj", "{830D34BC-C8B2-49DA-A1EA-DDA2533EC348}"
EndProject
Project("{FAE04EC0-301F-11D3-BF4B-00C04F79EFBC}") = "Penguin.Persistence.Database.Local", "..\Penguin.Persistence.Database\Penguin.Persistence.Database.Local.csproj", "{E96889B2-CA29-4314-972E-7DEBF07BF7C3}"
EndProject
Project("{FAE04EC0-301F-11D3-BF4B-00C04F79EFBC}") = "Penguin.Threading.BackgroundWorker.Local", "..\Penguin.Threading.BackgroundWorker\Penguin.Threading.BackgroundWorker.Local.csproj", "{67EF17AF-2073-4660-BE21-A6EDBAD4790A}"
EndProject
Project("{FAE04EC0-301F-11D3-BF4B-00C04F79EFBC}") = "Penguin.Persistence.Repositories.Local", "..\Penguin.Persistence.Repositories\Penguin.Persistence.Repositories.Local.csproj", "{4569C130-64ED-4677-8FA7-CB780E91F075}"
EndProject
Project("{FAE04EC0-301F-11D3-BF4B-00C04F79EFBC}") = "Penguin.Messaging.Persistence.Local", "..\Penguin.Messaging.Persistence\Penguin.Messaging.Persistence.Local.csproj", "{CB97111E-D737-4127-A8C6-045802613680}"
EndProject
Project("{FAE04EC0-301F-11D3-BF4B-00C04F79EFBC}") = "Penguin.Reflection.Serialization.Local", "..\Penguin.Reflection.Serialization\Penguin.Reflection.Serialization.Local.csproj", "{D9F1F4D4-ADEB-4B57-B885-4B67F27F5F8C}"
EndProject
Project("{FAE04EC0-301F-11D3-BF4B-00C04F79EFBC}") = "Penguin.Reflection.Serialization.Abstractions.Local", "..\Penguin.Reflection.Serialization.Abstractions\Penguin.Reflection.Serialization.Abstractions.Local.csproj", "{357DE826-BAD9-4ED6-881B-4B6BB60A4F7D}"
EndProject
Project("{FAE04EC0-301F-11D3-BF4B-00C04F79EFBC}") = "Penguin.Reflection.Serialization.Extensions.Local", "..\Penguin.Reflection.Serialization.Extensions\Penguin.Reflection.Serialization.Extensions.Local.csproj", "{BDAFCF36-2D54-4A1D-B594-F06509A3CDD9}"
EndProject
Project("{FAE04EC0-301F-11D3-BF4B-00C04F79EFBC}") = "Penguin.Templating.Abstractions.Local", "..\Penguin.Templating.Abstractions\Penguin.Templating.Abstractions.Local.csproj", "{D49488ED-CE51-492D-A55A-12C76DB68908}"
EndProject
Project("{FAE04EC0-301F-11D3-BF4B-00C04F79EFBC}") = "Penguin.Testing.Local", "..\Penguin.Testing\Penguin.Testing.Local.csproj", "{9253B890-F2F6-4D51-BB4F-A6C6D8F5FC82}"
EndProject
Project("{FAE04EC0-301F-11D3-BF4B-00C04F79EFBC}") = "Penguin.Web.Abstractions.Local", "..\Penguin.Web.Abstractions\Penguin.Web.Abstractions.Local.csproj", "{F3784699-686A-42A9-88AD-7F4B3AEC0445}"
EndProject
Project("{FAE04EC0-301F-11D3-BF4B-00C04F79EFBC}") = "Penguin.Web.DependencyInjection.Local", "..\Penguin.Web.DependencyInjection\Penguin.Web.DependencyInjection.Local.csproj", "{5A091FF5-A0E5-4EB3-90F4-5E0E11FC7A09}"
EndProject
Project("{FAE04EC0-301F-11D3-BF4B-00C04F79EFBC}") = "Penguin.Web.Testing.Local", "..\Penguin.Web.Testing\Penguin.Web.Testing.Local.csproj", "{63E37AE8-E846-4B53-B7F7-EBE90E15E400}"
EndProject
Project("{FAE04EC0-301F-11D3-BF4B-00C04F79EFBC}") = "Penguin.Web.Errors.Local", "..\Penguin.Web.Errors\Penguin.Web.Errors.Local.csproj", "{81073556-43CE-4A6D-BC35-48EDB0FA18CC}"
EndProject
Project("{FAE04EC0-301F-11D3-BF4B-00C04F79EFBC}") = "Penguin.Web.Mvc.Local", "..\Penguin.Web.Mvc\Penguin.Web.Mvc.Local.csproj", "{4B291919-D6C9-49D9-9988-40AC5146BFF0}"
EndProject
Project("{FAE04EC0-301F-11D3-BF4B-00C04F79EFBC}") = "Penguin.Web.Mvc.Abstractions.Local", "..\Penguin.Web.Mvc.Abstractions\Penguin.Web.Mvc.Abstractions.Local.csproj", "{0FD8171D-5A94-4463-8354-F5F843B8D709}"
EndProject
Global
	GlobalSection(SolutionConfigurationPlatforms) = preSolution
		Debug|Any CPU = Debug|Any CPU
		Debug|x64 = Debug|x64
		Debug|x86 = Debug|x86
		Release|Any CPU = Release|Any CPU
		Release|x64 = Release|x64
		Release|x86 = Release|x86
	EndGlobalSection
	GlobalSection(SolutionProperties) = preSolution
		HideSolutionNode = FALSE
	EndGlobalSection
	GlobalSection(ProjectConfigurationPlatforms) = postSolution
		{530F0E6E-6068-4915-B2C7-8CEDF23ADB38}.Debug|Any CPU.ActiveCfg = Debug|Any CPU
		{530F0E6E-6068-4915-B2C7-8CEDF23ADB38}.Debug|Any CPU.Build.0 = Debug|Any CPU
		{530F0E6E-6068-4915-B2C7-8CEDF23ADB38}.Debug|x64.ActiveCfg = Debug|Any CPU
		{530F0E6E-6068-4915-B2C7-8CEDF23ADB38}.Debug|x64.Build.0 = Debug|Any CPU
		{530F0E6E-6068-4915-B2C7-8CEDF23ADB38}.Debug|x86.ActiveCfg = Debug|Any CPU
		{530F0E6E-6068-4915-B2C7-8CEDF23ADB38}.Debug|x86.Build.0 = Debug|Any CPU
		{530F0E6E-6068-4915-B2C7-8CEDF23ADB38}.Release|Any CPU.ActiveCfg = Release|Any CPU
		{530F0E6E-6068-4915-B2C7-8CEDF23ADB38}.Release|Any CPU.Build.0 = Release|Any CPU
		{530F0E6E-6068-4915-B2C7-8CEDF23ADB38}.Release|x64.ActiveCfg = Release|Any CPU
		{530F0E6E-6068-4915-B2C7-8CEDF23ADB38}.Release|x64.Build.0 = Release|Any CPU
		{530F0E6E-6068-4915-B2C7-8CEDF23ADB38}.Release|x86.ActiveCfg = Release|Any CPU
		{530F0E6E-6068-4915-B2C7-8CEDF23ADB38}.Release|x86.Build.0 = Release|Any CPU
		{DF6E58D8-9970-4282-8F4B-B95F0E9B325A}.Debug|Any CPU.ActiveCfg = Debug|Any CPU
		{DF6E58D8-9970-4282-8F4B-B95F0E9B325A}.Debug|Any CPU.Build.0 = Debug|Any CPU
		{DF6E58D8-9970-4282-8F4B-B95F0E9B325A}.Debug|x64.ActiveCfg = Debug|Any CPU
		{DF6E58D8-9970-4282-8F4B-B95F0E9B325A}.Debug|x64.Build.0 = Debug|Any CPU
		{DF6E58D8-9970-4282-8F4B-B95F0E9B325A}.Debug|x86.ActiveCfg = Debug|Any CPU
		{DF6E58D8-9970-4282-8F4B-B95F0E9B325A}.Debug|x86.Build.0 = Debug|Any CPU
		{DF6E58D8-9970-4282-8F4B-B95F0E9B325A}.Release|Any CPU.ActiveCfg = Release|Any CPU
		{DF6E58D8-9970-4282-8F4B-B95F0E9B325A}.Release|Any CPU.Build.0 = Release|Any CPU
		{DF6E58D8-9970-4282-8F4B-B95F0E9B325A}.Release|x64.ActiveCfg = Release|Any CPU
		{DF6E58D8-9970-4282-8F4B-B95F0E9B325A}.Release|x64.Build.0 = Release|Any CPU
		{DF6E58D8-9970-4282-8F4B-B95F0E9B325A}.Release|x86.ActiveCfg = Release|Any CPU
		{DF6E58D8-9970-4282-8F4B-B95F0E9B325A}.Release|x86.Build.0 = Release|Any CPU
		{6CA98B5C-22E5-4491-A45E-03274F40A04C}.Debug|Any CPU.ActiveCfg = Debug|Any CPU
		{6CA98B5C-22E5-4491-A45E-03274F40A04C}.Debug|Any CPU.Build.0 = Debug|Any CPU
		{6CA98B5C-22E5-4491-A45E-03274F40A04C}.Debug|x64.ActiveCfg = Debug|Any CPU
		{6CA98B5C-22E5-4491-A45E-03274F40A04C}.Debug|x64.Build.0 = Debug|Any CPU
		{6CA98B5C-22E5-4491-A45E-03274F40A04C}.Debug|x86.ActiveCfg = Debug|Any CPU
		{6CA98B5C-22E5-4491-A45E-03274F40A04C}.Debug|x86.Build.0 = Debug|Any CPU
		{6CA98B5C-22E5-4491-A45E-03274F40A04C}.Release|Any CPU.ActiveCfg = Release|Any CPU
		{6CA98B5C-22E5-4491-A45E-03274F40A04C}.Release|Any CPU.Build.0 = Release|Any CPU
		{6CA98B5C-22E5-4491-A45E-03274F40A04C}.Release|x64.ActiveCfg = Release|Any CPU
		{6CA98B5C-22E5-4491-A45E-03274F40A04C}.Release|x64.Build.0 = Release|Any CPU
		{6CA98B5C-22E5-4491-A45E-03274F40A04C}.Release|x86.ActiveCfg = Release|Any CPU
		{6CA98B5C-22E5-4491-A45E-03274F40A04C}.Release|x86.Build.0 = Release|Any CPU
		{4F92A73B-FBEE-4CB7-B6A9-0A9DBF5F349D}.Debug|Any CPU.ActiveCfg = Debug|Any CPU
		{4F92A73B-FBEE-4CB7-B6A9-0A9DBF5F349D}.Debug|Any CPU.Build.0 = Debug|Any CPU
		{4F92A73B-FBEE-4CB7-B6A9-0A9DBF5F349D}.Debug|x64.ActiveCfg = Debug|Any CPU
		{4F92A73B-FBEE-4CB7-B6A9-0A9DBF5F349D}.Debug|x64.Build.0 = Debug|Any CPU
		{4F92A73B-FBEE-4CB7-B6A9-0A9DBF5F349D}.Debug|x86.ActiveCfg = Debug|Any CPU
		{4F92A73B-FBEE-4CB7-B6A9-0A9DBF5F349D}.Debug|x86.Build.0 = Debug|Any CPU
		{4F92A73B-FBEE-4CB7-B6A9-0A9DBF5F349D}.Release|Any CPU.ActiveCfg = Release|Any CPU
		{4F92A73B-FBEE-4CB7-B6A9-0A9DBF5F349D}.Release|Any CPU.Build.0 = Release|Any CPU
		{4F92A73B-FBEE-4CB7-B6A9-0A9DBF5F349D}.Release|x64.ActiveCfg = Release|Any CPU
		{4F92A73B-FBEE-4CB7-B6A9-0A9DBF5F349D}.Release|x64.Build.0 = Release|Any CPU
		{4F92A73B-FBEE-4CB7-B6A9-0A9DBF5F349D}.Release|x86.ActiveCfg = Release|Any CPU
		{4F92A73B-FBEE-4CB7-B6A9-0A9DBF5F349D}.Release|x86.Build.0 = Release|Any CPU
		{BDB79332-A4AA-4572-9E3F-BB92DA06636B}.Debug|Any CPU.ActiveCfg = Debug|Any CPU
		{BDB79332-A4AA-4572-9E3F-BB92DA06636B}.Debug|Any CPU.Build.0 = Debug|Any CPU
		{BDB79332-A4AA-4572-9E3F-BB92DA06636B}.Debug|x64.ActiveCfg = Debug|Any CPU
		{BDB79332-A4AA-4572-9E3F-BB92DA06636B}.Debug|x64.Build.0 = Debug|Any CPU
		{BDB79332-A4AA-4572-9E3F-BB92DA06636B}.Debug|x86.ActiveCfg = Debug|Any CPU
		{BDB79332-A4AA-4572-9E3F-BB92DA06636B}.Debug|x86.Build.0 = Debug|Any CPU
		{BDB79332-A4AA-4572-9E3F-BB92DA06636B}.Release|Any CPU.ActiveCfg = Release|Any CPU
		{BDB79332-A4AA-4572-9E3F-BB92DA06636B}.Release|Any CPU.Build.0 = Release|Any CPU
		{BDB79332-A4AA-4572-9E3F-BB92DA06636B}.Release|x64.ActiveCfg = Release|Any CPU
		{BDB79332-A4AA-4572-9E3F-BB92DA06636B}.Release|x64.Build.0 = Release|Any CPU
		{BDB79332-A4AA-4572-9E3F-BB92DA06636B}.Release|x86.ActiveCfg = Release|Any CPU
		{BDB79332-A4AA-4572-9E3F-BB92DA06636B}.Release|x86.Build.0 = Release|Any CPU
		{C33E9F4A-95A4-4B36-BC33-B04467FB5BE7}.Debug|Any CPU.ActiveCfg = Debug|Any CPU
		{C33E9F4A-95A4-4B36-BC33-B04467FB5BE7}.Debug|Any CPU.Build.0 = Debug|Any CPU
		{C33E9F4A-95A4-4B36-BC33-B04467FB5BE7}.Debug|x64.ActiveCfg = Debug|Any CPU
		{C33E9F4A-95A4-4B36-BC33-B04467FB5BE7}.Debug|x64.Build.0 = Debug|Any CPU
		{C33E9F4A-95A4-4B36-BC33-B04467FB5BE7}.Debug|x86.ActiveCfg = Debug|Any CPU
		{C33E9F4A-95A4-4B36-BC33-B04467FB5BE7}.Debug|x86.Build.0 = Debug|Any CPU
		{C33E9F4A-95A4-4B36-BC33-B04467FB5BE7}.Release|Any CPU.ActiveCfg = Release|Any CPU
		{C33E9F4A-95A4-4B36-BC33-B04467FB5BE7}.Release|Any CPU.Build.0 = Release|Any CPU
		{C33E9F4A-95A4-4B36-BC33-B04467FB5BE7}.Release|x64.ActiveCfg = Release|Any CPU
		{C33E9F4A-95A4-4B36-BC33-B04467FB5BE7}.Release|x64.Build.0 = Release|Any CPU
		{C33E9F4A-95A4-4B36-BC33-B04467FB5BE7}.Release|x86.ActiveCfg = Release|Any CPU
		{C33E9F4A-95A4-4B36-BC33-B04467FB5BE7}.Release|x86.Build.0 = Release|Any CPU
		{84BACFBD-A75E-496B-A9E4-A3E34A4B6BFF}.Debug|Any CPU.ActiveCfg = Debug|Any CPU
		{84BACFBD-A75E-496B-A9E4-A3E34A4B6BFF}.Debug|Any CPU.Build.0 = Debug|Any CPU
		{84BACFBD-A75E-496B-A9E4-A3E34A4B6BFF}.Debug|x64.ActiveCfg = Debug|Any CPU
		{84BACFBD-A75E-496B-A9E4-A3E34A4B6BFF}.Debug|x64.Build.0 = Debug|Any CPU
		{84BACFBD-A75E-496B-A9E4-A3E34A4B6BFF}.Debug|x86.ActiveCfg = Debug|Any CPU
		{84BACFBD-A75E-496B-A9E4-A3E34A4B6BFF}.Debug|x86.Build.0 = Debug|Any CPU
		{84BACFBD-A75E-496B-A9E4-A3E34A4B6BFF}.Release|Any CPU.ActiveCfg = Release|Any CPU
		{84BACFBD-A75E-496B-A9E4-A3E34A4B6BFF}.Release|Any CPU.Build.0 = Release|Any CPU
		{84BACFBD-A75E-496B-A9E4-A3E34A4B6BFF}.Release|x64.ActiveCfg = Release|Any CPU
		{84BACFBD-A75E-496B-A9E4-A3E34A4B6BFF}.Release|x64.Build.0 = Release|Any CPU
		{84BACFBD-A75E-496B-A9E4-A3E34A4B6BFF}.Release|x86.ActiveCfg = Release|Any CPU
		{84BACFBD-A75E-496B-A9E4-A3E34A4B6BFF}.Release|x86.Build.0 = Release|Any CPU
		{50137DF3-B949-497C-B3DE-1DCA2AD037E6}.Debug|Any CPU.ActiveCfg = Debug|Any CPU
		{50137DF3-B949-497C-B3DE-1DCA2AD037E6}.Debug|Any CPU.Build.0 = Debug|Any CPU
		{50137DF3-B949-497C-B3DE-1DCA2AD037E6}.Debug|x64.ActiveCfg = Debug|Any CPU
		{50137DF3-B949-497C-B3DE-1DCA2AD037E6}.Debug|x64.Build.0 = Debug|Any CPU
		{50137DF3-B949-497C-B3DE-1DCA2AD037E6}.Debug|x86.ActiveCfg = Debug|Any CPU
		{50137DF3-B949-497C-B3DE-1DCA2AD037E6}.Debug|x86.Build.0 = Debug|Any CPU
		{50137DF3-B949-497C-B3DE-1DCA2AD037E6}.Release|Any CPU.ActiveCfg = Release|Any CPU
		{50137DF3-B949-497C-B3DE-1DCA2AD037E6}.Release|Any CPU.Build.0 = Release|Any CPU
		{50137DF3-B949-497C-B3DE-1DCA2AD037E6}.Release|x64.ActiveCfg = Release|Any CPU
		{50137DF3-B949-497C-B3DE-1DCA2AD037E6}.Release|x64.Build.0 = Release|Any CPU
		{50137DF3-B949-497C-B3DE-1DCA2AD037E6}.Release|x86.ActiveCfg = Release|Any CPU
		{50137DF3-B949-497C-B3DE-1DCA2AD037E6}.Release|x86.Build.0 = Release|Any CPU
		{F8BE124B-D752-46F4-ADA2-23AF87982B95}.Debug|Any CPU.ActiveCfg = Debug|Any CPU
		{F8BE124B-D752-46F4-ADA2-23AF87982B95}.Debug|Any CPU.Build.0 = Debug|Any CPU
		{F8BE124B-D752-46F4-ADA2-23AF87982B95}.Debug|x64.ActiveCfg = Debug|Any CPU
		{F8BE124B-D752-46F4-ADA2-23AF87982B95}.Debug|x64.Build.0 = Debug|Any CPU
		{F8BE124B-D752-46F4-ADA2-23AF87982B95}.Debug|x86.ActiveCfg = Debug|Any CPU
		{F8BE124B-D752-46F4-ADA2-23AF87982B95}.Debug|x86.Build.0 = Debug|Any CPU
		{F8BE124B-D752-46F4-ADA2-23AF87982B95}.Release|Any CPU.ActiveCfg = Release|Any CPU
		{F8BE124B-D752-46F4-ADA2-23AF87982B95}.Release|Any CPU.Build.0 = Release|Any CPU
		{F8BE124B-D752-46F4-ADA2-23AF87982B95}.Release|x64.ActiveCfg = Release|Any CPU
		{F8BE124B-D752-46F4-ADA2-23AF87982B95}.Release|x64.Build.0 = Release|Any CPU
		{F8BE124B-D752-46F4-ADA2-23AF87982B95}.Release|x86.ActiveCfg = Release|Any CPU
		{F8BE124B-D752-46F4-ADA2-23AF87982B95}.Release|x86.Build.0 = Release|Any CPU
		{96983310-9347-445F-84F3-AEDC2121AD22}.Debug|Any CPU.ActiveCfg = Debug|Any CPU
		{96983310-9347-445F-84F3-AEDC2121AD22}.Debug|Any CPU.Build.0 = Debug|Any CPU
		{96983310-9347-445F-84F3-AEDC2121AD22}.Debug|x64.ActiveCfg = Debug|Any CPU
		{96983310-9347-445F-84F3-AEDC2121AD22}.Debug|x64.Build.0 = Debug|Any CPU
		{96983310-9347-445F-84F3-AEDC2121AD22}.Debug|x86.ActiveCfg = Debug|Any CPU
		{96983310-9347-445F-84F3-AEDC2121AD22}.Debug|x86.Build.0 = Debug|Any CPU
		{96983310-9347-445F-84F3-AEDC2121AD22}.Release|Any CPU.ActiveCfg = Release|Any CPU
		{96983310-9347-445F-84F3-AEDC2121AD22}.Release|Any CPU.Build.0 = Release|Any CPU
		{96983310-9347-445F-84F3-AEDC2121AD22}.Release|x64.ActiveCfg = Release|Any CPU
		{96983310-9347-445F-84F3-AEDC2121AD22}.Release|x64.Build.0 = Release|Any CPU
		{96983310-9347-445F-84F3-AEDC2121AD22}.Release|x86.ActiveCfg = Release|Any CPU
		{96983310-9347-445F-84F3-AEDC2121AD22}.Release|x86.Build.0 = Release|Any CPU
		{8AF9651D-4B43-4361-A9F5-90AF9F1945D1}.Debug|Any CPU.ActiveCfg = Debug|Any CPU
		{8AF9651D-4B43-4361-A9F5-90AF9F1945D1}.Debug|Any CPU.Build.0 = Debug|Any CPU
		{8AF9651D-4B43-4361-A9F5-90AF9F1945D1}.Debug|x64.ActiveCfg = Debug|Any CPU
		{8AF9651D-4B43-4361-A9F5-90AF9F1945D1}.Debug|x64.Build.0 = Debug|Any CPU
		{8AF9651D-4B43-4361-A9F5-90AF9F1945D1}.Debug|x86.ActiveCfg = Debug|Any CPU
		{8AF9651D-4B43-4361-A9F5-90AF9F1945D1}.Debug|x86.Build.0 = Debug|Any CPU
		{8AF9651D-4B43-4361-A9F5-90AF9F1945D1}.Release|Any CPU.ActiveCfg = Release|Any CPU
		{8AF9651D-4B43-4361-A9F5-90AF9F1945D1}.Release|Any CPU.Build.0 = Release|Any CPU
		{8AF9651D-4B43-4361-A9F5-90AF9F1945D1}.Release|x64.ActiveCfg = Release|Any CPU
		{8AF9651D-4B43-4361-A9F5-90AF9F1945D1}.Release|x64.Build.0 = Release|Any CPU
		{8AF9651D-4B43-4361-A9F5-90AF9F1945D1}.Release|x86.ActiveCfg = Release|Any CPU
		{8AF9651D-4B43-4361-A9F5-90AF9F1945D1}.Release|x86.Build.0 = Release|Any CPU
		{44C2174F-84FD-4297-B1BA-F6CAC4C4D3B6}.Debug|Any CPU.ActiveCfg = Debug|Any CPU
		{44C2174F-84FD-4297-B1BA-F6CAC4C4D3B6}.Debug|Any CPU.Build.0 = Debug|Any CPU
		{44C2174F-84FD-4297-B1BA-F6CAC4C4D3B6}.Debug|x64.ActiveCfg = Debug|Any CPU
		{44C2174F-84FD-4297-B1BA-F6CAC4C4D3B6}.Debug|x64.Build.0 = Debug|Any CPU
		{44C2174F-84FD-4297-B1BA-F6CAC4C4D3B6}.Debug|x86.ActiveCfg = Debug|Any CPU
		{44C2174F-84FD-4297-B1BA-F6CAC4C4D3B6}.Debug|x86.Build.0 = Debug|Any CPU
		{44C2174F-84FD-4297-B1BA-F6CAC4C4D3B6}.Release|Any CPU.ActiveCfg = Release|Any CPU
		{44C2174F-84FD-4297-B1BA-F6CAC4C4D3B6}.Release|Any CPU.Build.0 = Release|Any CPU
		{44C2174F-84FD-4297-B1BA-F6CAC4C4D3B6}.Release|x64.ActiveCfg = Release|Any CPU
		{44C2174F-84FD-4297-B1BA-F6CAC4C4D3B6}.Release|x64.Build.0 = Release|Any CPU
		{44C2174F-84FD-4297-B1BA-F6CAC4C4D3B6}.Release|x86.ActiveCfg = Release|Any CPU
		{44C2174F-84FD-4297-B1BA-F6CAC4C4D3B6}.Release|x86.Build.0 = Release|Any CPU
		{932A4D76-29D6-48BC-839D-4B02EB9C0445}.Debug|Any CPU.ActiveCfg = Debug|Any CPU
		{932A4D76-29D6-48BC-839D-4B02EB9C0445}.Debug|Any CPU.Build.0 = Debug|Any CPU
		{932A4D76-29D6-48BC-839D-4B02EB9C0445}.Debug|x64.ActiveCfg = Debug|Any CPU
		{932A4D76-29D6-48BC-839D-4B02EB9C0445}.Debug|x64.Build.0 = Debug|Any CPU
		{932A4D76-29D6-48BC-839D-4B02EB9C0445}.Debug|x86.ActiveCfg = Debug|Any CPU
		{932A4D76-29D6-48BC-839D-4B02EB9C0445}.Debug|x86.Build.0 = Debug|Any CPU
		{932A4D76-29D6-48BC-839D-4B02EB9C0445}.Release|Any CPU.ActiveCfg = Release|Any CPU
		{932A4D76-29D6-48BC-839D-4B02EB9C0445}.Release|Any CPU.Build.0 = Release|Any CPU
		{932A4D76-29D6-48BC-839D-4B02EB9C0445}.Release|x64.ActiveCfg = Release|Any CPU
		{932A4D76-29D6-48BC-839D-4B02EB9C0445}.Release|x64.Build.0 = Release|Any CPU
		{932A4D76-29D6-48BC-839D-4B02EB9C0445}.Release|x86.ActiveCfg = Release|Any CPU
		{932A4D76-29D6-48BC-839D-4B02EB9C0445}.Release|x86.Build.0 = Release|Any CPU
		{FE9088A0-6A2F-4D72-8FDE-6EC19F1F2571}.Debug|Any CPU.ActiveCfg = Debug|Any CPU
		{FE9088A0-6A2F-4D72-8FDE-6EC19F1F2571}.Debug|Any CPU.Build.0 = Debug|Any CPU
		{FE9088A0-6A2F-4D72-8FDE-6EC19F1F2571}.Debug|x64.ActiveCfg = Debug|Any CPU
		{FE9088A0-6A2F-4D72-8FDE-6EC19F1F2571}.Debug|x64.Build.0 = Debug|Any CPU
		{FE9088A0-6A2F-4D72-8FDE-6EC19F1F2571}.Debug|x86.ActiveCfg = Debug|Any CPU
		{FE9088A0-6A2F-4D72-8FDE-6EC19F1F2571}.Debug|x86.Build.0 = Debug|Any CPU
		{FE9088A0-6A2F-4D72-8FDE-6EC19F1F2571}.Release|Any CPU.ActiveCfg = Release|Any CPU
		{FE9088A0-6A2F-4D72-8FDE-6EC19F1F2571}.Release|Any CPU.Build.0 = Release|Any CPU
		{FE9088A0-6A2F-4D72-8FDE-6EC19F1F2571}.Release|x64.ActiveCfg = Release|Any CPU
		{FE9088A0-6A2F-4D72-8FDE-6EC19F1F2571}.Release|x64.Build.0 = Release|Any CPU
		{FE9088A0-6A2F-4D72-8FDE-6EC19F1F2571}.Release|x86.ActiveCfg = Release|Any CPU
		{FE9088A0-6A2F-4D72-8FDE-6EC19F1F2571}.Release|x86.Build.0 = Release|Any CPU
		{98801047-309B-487E-9279-E67AF28EC2A6}.Debug|Any CPU.ActiveCfg = Debug|Any CPU
		{98801047-309B-487E-9279-E67AF28EC2A6}.Debug|Any CPU.Build.0 = Debug|Any CPU
		{98801047-309B-487E-9279-E67AF28EC2A6}.Debug|x64.ActiveCfg = Debug|Any CPU
		{98801047-309B-487E-9279-E67AF28EC2A6}.Debug|x64.Build.0 = Debug|Any CPU
		{98801047-309B-487E-9279-E67AF28EC2A6}.Debug|x86.ActiveCfg = Debug|Any CPU
		{98801047-309B-487E-9279-E67AF28EC2A6}.Debug|x86.Build.0 = Debug|Any CPU
		{98801047-309B-487E-9279-E67AF28EC2A6}.Release|Any CPU.ActiveCfg = Release|Any CPU
		{98801047-309B-487E-9279-E67AF28EC2A6}.Release|Any CPU.Build.0 = Release|Any CPU
		{98801047-309B-487E-9279-E67AF28EC2A6}.Release|x64.ActiveCfg = Release|Any CPU
		{98801047-309B-487E-9279-E67AF28EC2A6}.Release|x64.Build.0 = Release|Any CPU
		{98801047-309B-487E-9279-E67AF28EC2A6}.Release|x86.ActiveCfg = Release|Any CPU
		{98801047-309B-487E-9279-E67AF28EC2A6}.Release|x86.Build.0 = Release|Any CPU
		{5FB6689A-DDB0-4ADE-91A8-05DC70B431F5}.Debug|Any CPU.ActiveCfg = Debug|Any CPU
		{5FB6689A-DDB0-4ADE-91A8-05DC70B431F5}.Debug|Any CPU.Build.0 = Debug|Any CPU
		{5FB6689A-DDB0-4ADE-91A8-05DC70B431F5}.Debug|x64.ActiveCfg = Debug|Any CPU
		{5FB6689A-DDB0-4ADE-91A8-05DC70B431F5}.Debug|x64.Build.0 = Debug|Any CPU
		{5FB6689A-DDB0-4ADE-91A8-05DC70B431F5}.Debug|x86.ActiveCfg = Debug|Any CPU
		{5FB6689A-DDB0-4ADE-91A8-05DC70B431F5}.Debug|x86.Build.0 = Debug|Any CPU
		{5FB6689A-DDB0-4ADE-91A8-05DC70B431F5}.Release|Any CPU.ActiveCfg = Release|Any CPU
		{5FB6689A-DDB0-4ADE-91A8-05DC70B431F5}.Release|Any CPU.Build.0 = Release|Any CPU
		{5FB6689A-DDB0-4ADE-91A8-05DC70B431F5}.Release|x64.ActiveCfg = Release|Any CPU
		{5FB6689A-DDB0-4ADE-91A8-05DC70B431F5}.Release|x64.Build.0 = Release|Any CPU
		{5FB6689A-DDB0-4ADE-91A8-05DC70B431F5}.Release|x86.ActiveCfg = Release|Any CPU
		{5FB6689A-DDB0-4ADE-91A8-05DC70B431F5}.Release|x86.Build.0 = Release|Any CPU
		{5457452E-81E0-4CA6-ABCA-6B4F0DD5009C}.Debug|Any CPU.ActiveCfg = Debug|Any CPU
		{5457452E-81E0-4CA6-ABCA-6B4F0DD5009C}.Debug|Any CPU.Build.0 = Debug|Any CPU
		{5457452E-81E0-4CA6-ABCA-6B4F0DD5009C}.Debug|x64.ActiveCfg = Debug|Any CPU
		{5457452E-81E0-4CA6-ABCA-6B4F0DD5009C}.Debug|x64.Build.0 = Debug|Any CPU
		{5457452E-81E0-4CA6-ABCA-6B4F0DD5009C}.Debug|x86.ActiveCfg = Debug|Any CPU
		{5457452E-81E0-4CA6-ABCA-6B4F0DD5009C}.Debug|x86.Build.0 = Debug|Any CPU
		{5457452E-81E0-4CA6-ABCA-6B4F0DD5009C}.Release|Any CPU.ActiveCfg = Release|Any CPU
		{5457452E-81E0-4CA6-ABCA-6B4F0DD5009C}.Release|Any CPU.Build.0 = Release|Any CPU
		{5457452E-81E0-4CA6-ABCA-6B4F0DD5009C}.Release|x64.ActiveCfg = Release|Any CPU
		{5457452E-81E0-4CA6-ABCA-6B4F0DD5009C}.Release|x64.Build.0 = Release|Any CPU
		{5457452E-81E0-4CA6-ABCA-6B4F0DD5009C}.Release|x86.ActiveCfg = Release|Any CPU
		{5457452E-81E0-4CA6-ABCA-6B4F0DD5009C}.Release|x86.Build.0 = Release|Any CPU
		{3EEEB288-F162-47BB-ADBE-B476DB4ED71A}.Debug|Any CPU.ActiveCfg = Debug|Any CPU
		{3EEEB288-F162-47BB-ADBE-B476DB4ED71A}.Debug|Any CPU.Build.0 = Debug|Any CPU
		{3EEEB288-F162-47BB-ADBE-B476DB4ED71A}.Debug|x64.ActiveCfg = Debug|Any CPU
		{3EEEB288-F162-47BB-ADBE-B476DB4ED71A}.Debug|x64.Build.0 = Debug|Any CPU
		{3EEEB288-F162-47BB-ADBE-B476DB4ED71A}.Debug|x86.ActiveCfg = Debug|Any CPU
		{3EEEB288-F162-47BB-ADBE-B476DB4ED71A}.Debug|x86.Build.0 = Debug|Any CPU
		{3EEEB288-F162-47BB-ADBE-B476DB4ED71A}.Release|Any CPU.ActiveCfg = Release|Any CPU
		{3EEEB288-F162-47BB-ADBE-B476DB4ED71A}.Release|Any CPU.Build.0 = Release|Any CPU
		{3EEEB288-F162-47BB-ADBE-B476DB4ED71A}.Release|x64.ActiveCfg = Release|Any CPU
		{3EEEB288-F162-47BB-ADBE-B476DB4ED71A}.Release|x64.Build.0 = Release|Any CPU
		{3EEEB288-F162-47BB-ADBE-B476DB4ED71A}.Release|x86.ActiveCfg = Release|Any CPU
		{3EEEB288-F162-47BB-ADBE-B476DB4ED71A}.Release|x86.Build.0 = Release|Any CPU
		{2D207927-B7E7-49E1-99DF-8DFD6A9EA216}.Debug|Any CPU.ActiveCfg = Debug|Any CPU
		{2D207927-B7E7-49E1-99DF-8DFD6A9EA216}.Debug|Any CPU.Build.0 = Debug|Any CPU
		{2D207927-B7E7-49E1-99DF-8DFD6A9EA216}.Debug|x64.ActiveCfg = Debug|Any CPU
		{2D207927-B7E7-49E1-99DF-8DFD6A9EA216}.Debug|x64.Build.0 = Debug|Any CPU
		{2D207927-B7E7-49E1-99DF-8DFD6A9EA216}.Debug|x86.ActiveCfg = Debug|Any CPU
		{2D207927-B7E7-49E1-99DF-8DFD6A9EA216}.Debug|x86.Build.0 = Debug|Any CPU
		{2D207927-B7E7-49E1-99DF-8DFD6A9EA216}.Release|Any CPU.ActiveCfg = Release|Any CPU
		{2D207927-B7E7-49E1-99DF-8DFD6A9EA216}.Release|Any CPU.Build.0 = Release|Any CPU
		{2D207927-B7E7-49E1-99DF-8DFD6A9EA216}.Release|x64.ActiveCfg = Release|Any CPU
		{2D207927-B7E7-49E1-99DF-8DFD6A9EA216}.Release|x64.Build.0 = Release|Any CPU
		{2D207927-B7E7-49E1-99DF-8DFD6A9EA216}.Release|x86.ActiveCfg = Release|Any CPU
		{2D207927-B7E7-49E1-99DF-8DFD6A9EA216}.Release|x86.Build.0 = Release|Any CPU
		{1E33A9BB-428D-4EFA-A521-ED79E03A339E}.Debug|Any CPU.ActiveCfg = Debug|Any CPU
		{1E33A9BB-428D-4EFA-A521-ED79E03A339E}.Debug|Any CPU.Build.0 = Debug|Any CPU
		{1E33A9BB-428D-4EFA-A521-ED79E03A339E}.Debug|x64.ActiveCfg = Debug|Any CPU
		{1E33A9BB-428D-4EFA-A521-ED79E03A339E}.Debug|x64.Build.0 = Debug|Any CPU
		{1E33A9BB-428D-4EFA-A521-ED79E03A339E}.Debug|x86.ActiveCfg = Debug|Any CPU
		{1E33A9BB-428D-4EFA-A521-ED79E03A339E}.Debug|x86.Build.0 = Debug|Any CPU
		{1E33A9BB-428D-4EFA-A521-ED79E03A339E}.Release|Any CPU.ActiveCfg = Release|Any CPU
		{1E33A9BB-428D-4EFA-A521-ED79E03A339E}.Release|Any CPU.Build.0 = Release|Any CPU
		{1E33A9BB-428D-4EFA-A521-ED79E03A339E}.Release|x64.ActiveCfg = Release|Any CPU
		{1E33A9BB-428D-4EFA-A521-ED79E03A339E}.Release|x64.Build.0 = Release|Any CPU
		{1E33A9BB-428D-4EFA-A521-ED79E03A339E}.Release|x86.ActiveCfg = Release|Any CPU
		{1E33A9BB-428D-4EFA-A521-ED79E03A339E}.Release|x86.Build.0 = Release|Any CPU
		{12B5F10E-38E6-4A86-B754-122DB27EB8BB}.Debug|Any CPU.ActiveCfg = Debug|Any CPU
		{12B5F10E-38E6-4A86-B754-122DB27EB8BB}.Debug|Any CPU.Build.0 = Debug|Any CPU
		{12B5F10E-38E6-4A86-B754-122DB27EB8BB}.Debug|x64.ActiveCfg = Debug|Any CPU
		{12B5F10E-38E6-4A86-B754-122DB27EB8BB}.Debug|x64.Build.0 = Debug|Any CPU
		{12B5F10E-38E6-4A86-B754-122DB27EB8BB}.Debug|x86.ActiveCfg = Debug|Any CPU
		{12B5F10E-38E6-4A86-B754-122DB27EB8BB}.Debug|x86.Build.0 = Debug|Any CPU
		{12B5F10E-38E6-4A86-B754-122DB27EB8BB}.Release|Any CPU.ActiveCfg = Release|Any CPU
		{12B5F10E-38E6-4A86-B754-122DB27EB8BB}.Release|Any CPU.Build.0 = Release|Any CPU
		{12B5F10E-38E6-4A86-B754-122DB27EB8BB}.Release|x64.ActiveCfg = Release|Any CPU
		{12B5F10E-38E6-4A86-B754-122DB27EB8BB}.Release|x64.Build.0 = Release|Any CPU
		{12B5F10E-38E6-4A86-B754-122DB27EB8BB}.Release|x86.ActiveCfg = Release|Any CPU
		{12B5F10E-38E6-4A86-B754-122DB27EB8BB}.Release|x86.Build.0 = Release|Any CPU
		{830D34BC-C8B2-49DA-A1EA-DDA2533EC348}.Debug|Any CPU.ActiveCfg = Debug|Any CPU
		{830D34BC-C8B2-49DA-A1EA-DDA2533EC348}.Debug|Any CPU.Build.0 = Debug|Any CPU
		{830D34BC-C8B2-49DA-A1EA-DDA2533EC348}.Debug|x64.ActiveCfg = Debug|Any CPU
		{830D34BC-C8B2-49DA-A1EA-DDA2533EC348}.Debug|x64.Build.0 = Debug|Any CPU
		{830D34BC-C8B2-49DA-A1EA-DDA2533EC348}.Debug|x86.ActiveCfg = Debug|Any CPU
		{830D34BC-C8B2-49DA-A1EA-DDA2533EC348}.Debug|x86.Build.0 = Debug|Any CPU
		{830D34BC-C8B2-49DA-A1EA-DDA2533EC348}.Release|Any CPU.ActiveCfg = Release|Any CPU
		{830D34BC-C8B2-49DA-A1EA-DDA2533EC348}.Release|Any CPU.Build.0 = Release|Any CPU
		{830D34BC-C8B2-49DA-A1EA-DDA2533EC348}.Release|x64.ActiveCfg = Release|Any CPU
		{830D34BC-C8B2-49DA-A1EA-DDA2533EC348}.Release|x64.Build.0 = Release|Any CPU
		{830D34BC-C8B2-49DA-A1EA-DDA2533EC348}.Release|x86.ActiveCfg = Release|Any CPU
		{830D34BC-C8B2-49DA-A1EA-DDA2533EC348}.Release|x86.Build.0 = Release|Any CPU
		{E96889B2-CA29-4314-972E-7DEBF07BF7C3}.Debug|Any CPU.ActiveCfg = Debug|Any CPU
		{E96889B2-CA29-4314-972E-7DEBF07BF7C3}.Debug|Any CPU.Build.0 = Debug|Any CPU
		{E96889B2-CA29-4314-972E-7DEBF07BF7C3}.Debug|x64.ActiveCfg = Debug|Any CPU
		{E96889B2-CA29-4314-972E-7DEBF07BF7C3}.Debug|x64.Build.0 = Debug|Any CPU
		{E96889B2-CA29-4314-972E-7DEBF07BF7C3}.Debug|x86.ActiveCfg = Debug|Any CPU
		{E96889B2-CA29-4314-972E-7DEBF07BF7C3}.Debug|x86.Build.0 = Debug|Any CPU
		{E96889B2-CA29-4314-972E-7DEBF07BF7C3}.Release|Any CPU.ActiveCfg = Release|Any CPU
		{E96889B2-CA29-4314-972E-7DEBF07BF7C3}.Release|Any CPU.Build.0 = Release|Any CPU
		{E96889B2-CA29-4314-972E-7DEBF07BF7C3}.Release|x64.ActiveCfg = Release|Any CPU
		{E96889B2-CA29-4314-972E-7DEBF07BF7C3}.Release|x64.Build.0 = Release|Any CPU
		{E96889B2-CA29-4314-972E-7DEBF07BF7C3}.Release|x86.ActiveCfg = Release|Any CPU
		{E96889B2-CA29-4314-972E-7DEBF07BF7C3}.Release|x86.Build.0 = Release|Any CPU
		{67EF17AF-2073-4660-BE21-A6EDBAD4790A}.Debug|Any CPU.ActiveCfg = Debug|Any CPU
		{67EF17AF-2073-4660-BE21-A6EDBAD4790A}.Debug|Any CPU.Build.0 = Debug|Any CPU
		{67EF17AF-2073-4660-BE21-A6EDBAD4790A}.Debug|x64.ActiveCfg = Debug|Any CPU
		{67EF17AF-2073-4660-BE21-A6EDBAD4790A}.Debug|x64.Build.0 = Debug|Any CPU
		{67EF17AF-2073-4660-BE21-A6EDBAD4790A}.Debug|x86.ActiveCfg = Debug|Any CPU
		{67EF17AF-2073-4660-BE21-A6EDBAD4790A}.Debug|x86.Build.0 = Debug|Any CPU
		{67EF17AF-2073-4660-BE21-A6EDBAD4790A}.Release|Any CPU.ActiveCfg = Release|Any CPU
		{67EF17AF-2073-4660-BE21-A6EDBAD4790A}.Release|Any CPU.Build.0 = Release|Any CPU
		{67EF17AF-2073-4660-BE21-A6EDBAD4790A}.Release|x64.ActiveCfg = Release|Any CPU
		{67EF17AF-2073-4660-BE21-A6EDBAD4790A}.Release|x64.Build.0 = Release|Any CPU
		{67EF17AF-2073-4660-BE21-A6EDBAD4790A}.Release|x86.ActiveCfg = Release|Any CPU
		{67EF17AF-2073-4660-BE21-A6EDBAD4790A}.Release|x86.Build.0 = Release|Any CPU
		{4569C130-64ED-4677-8FA7-CB780E91F075}.Debug|Any CPU.ActiveCfg = Debug|Any CPU
		{4569C130-64ED-4677-8FA7-CB780E91F075}.Debug|Any CPU.Build.0 = Debug|Any CPU
		{4569C130-64ED-4677-8FA7-CB780E91F075}.Debug|x64.ActiveCfg = Debug|Any CPU
		{4569C130-64ED-4677-8FA7-CB780E91F075}.Debug|x64.Build.0 = Debug|Any CPU
		{4569C130-64ED-4677-8FA7-CB780E91F075}.Debug|x86.ActiveCfg = Debug|Any CPU
		{4569C130-64ED-4677-8FA7-CB780E91F075}.Debug|x86.Build.0 = Debug|Any CPU
		{4569C130-64ED-4677-8FA7-CB780E91F075}.Release|Any CPU.ActiveCfg = Release|Any CPU
		{4569C130-64ED-4677-8FA7-CB780E91F075}.Release|Any CPU.Build.0 = Release|Any CPU
		{4569C130-64ED-4677-8FA7-CB780E91F075}.Release|x64.ActiveCfg = Release|Any CPU
		{4569C130-64ED-4677-8FA7-CB780E91F075}.Release|x64.Build.0 = Release|Any CPU
		{4569C130-64ED-4677-8FA7-CB780E91F075}.Release|x86.ActiveCfg = Release|Any CPU
		{4569C130-64ED-4677-8FA7-CB780E91F075}.Release|x86.Build.0 = Release|Any CPU
		{CB97111E-D737-4127-A8C6-045802613680}.Debug|Any CPU.ActiveCfg = Debug|Any CPU
		{CB97111E-D737-4127-A8C6-045802613680}.Debug|Any CPU.Build.0 = Debug|Any CPU
		{CB97111E-D737-4127-A8C6-045802613680}.Debug|x64.ActiveCfg = Debug|Any CPU
		{CB97111E-D737-4127-A8C6-045802613680}.Debug|x64.Build.0 = Debug|Any CPU
		{CB97111E-D737-4127-A8C6-045802613680}.Debug|x86.ActiveCfg = Debug|Any CPU
		{CB97111E-D737-4127-A8C6-045802613680}.Debug|x86.Build.0 = Debug|Any CPU
		{CB97111E-D737-4127-A8C6-045802613680}.Release|Any CPU.ActiveCfg = Release|Any CPU
		{CB97111E-D737-4127-A8C6-045802613680}.Release|Any CPU.Build.0 = Release|Any CPU
		{CB97111E-D737-4127-A8C6-045802613680}.Release|x64.ActiveCfg = Release|Any CPU
		{CB97111E-D737-4127-A8C6-045802613680}.Release|x64.Build.0 = Release|Any CPU
		{CB97111E-D737-4127-A8C6-045802613680}.Release|x86.ActiveCfg = Release|Any CPU
		{CB97111E-D737-4127-A8C6-045802613680}.Release|x86.Build.0 = Release|Any CPU
		{D9F1F4D4-ADEB-4B57-B885-4B67F27F5F8C}.Debug|Any CPU.ActiveCfg = Debug|Any CPU
		{D9F1F4D4-ADEB-4B57-B885-4B67F27F5F8C}.Debug|Any CPU.Build.0 = Debug|Any CPU
		{D9F1F4D4-ADEB-4B57-B885-4B67F27F5F8C}.Debug|x64.ActiveCfg = Debug|Any CPU
		{D9F1F4D4-ADEB-4B57-B885-4B67F27F5F8C}.Debug|x64.Build.0 = Debug|Any CPU
		{D9F1F4D4-ADEB-4B57-B885-4B67F27F5F8C}.Debug|x86.ActiveCfg = Debug|Any CPU
		{D9F1F4D4-ADEB-4B57-B885-4B67F27F5F8C}.Debug|x86.Build.0 = Debug|Any CPU
		{D9F1F4D4-ADEB-4B57-B885-4B67F27F5F8C}.Release|Any CPU.ActiveCfg = Release|Any CPU
		{D9F1F4D4-ADEB-4B57-B885-4B67F27F5F8C}.Release|Any CPU.Build.0 = Release|Any CPU
		{D9F1F4D4-ADEB-4B57-B885-4B67F27F5F8C}.Release|x64.ActiveCfg = Release|Any CPU
		{D9F1F4D4-ADEB-4B57-B885-4B67F27F5F8C}.Release|x64.Build.0 = Release|Any CPU
		{D9F1F4D4-ADEB-4B57-B885-4B67F27F5F8C}.Release|x86.ActiveCfg = Release|Any CPU
		{D9F1F4D4-ADEB-4B57-B885-4B67F27F5F8C}.Release|x86.Build.0 = Release|Any CPU
		{357DE826-BAD9-4ED6-881B-4B6BB60A4F7D}.Debug|Any CPU.ActiveCfg = Debug|Any CPU
		{357DE826-BAD9-4ED6-881B-4B6BB60A4F7D}.Debug|Any CPU.Build.0 = Debug|Any CPU
		{357DE826-BAD9-4ED6-881B-4B6BB60A4F7D}.Debug|x64.ActiveCfg = Debug|Any CPU
		{357DE826-BAD9-4ED6-881B-4B6BB60A4F7D}.Debug|x64.Build.0 = Debug|Any CPU
		{357DE826-BAD9-4ED6-881B-4B6BB60A4F7D}.Debug|x86.ActiveCfg = Debug|Any CPU
		{357DE826-BAD9-4ED6-881B-4B6BB60A4F7D}.Debug|x86.Build.0 = Debug|Any CPU
		{357DE826-BAD9-4ED6-881B-4B6BB60A4F7D}.Release|Any CPU.ActiveCfg = Release|Any CPU
		{357DE826-BAD9-4ED6-881B-4B6BB60A4F7D}.Release|Any CPU.Build.0 = Release|Any CPU
		{357DE826-BAD9-4ED6-881B-4B6BB60A4F7D}.Release|x64.ActiveCfg = Release|Any CPU
		{357DE826-BAD9-4ED6-881B-4B6BB60A4F7D}.Release|x64.Build.0 = Release|Any CPU
		{357DE826-BAD9-4ED6-881B-4B6BB60A4F7D}.Release|x86.ActiveCfg = Release|Any CPU
		{357DE826-BAD9-4ED6-881B-4B6BB60A4F7D}.Release|x86.Build.0 = Release|Any CPU
		{BDAFCF36-2D54-4A1D-B594-F06509A3CDD9}.Debug|Any CPU.ActiveCfg = Debug|Any CPU
		{BDAFCF36-2D54-4A1D-B594-F06509A3CDD9}.Debug|Any CPU.Build.0 = Debug|Any CPU
		{BDAFCF36-2D54-4A1D-B594-F06509A3CDD9}.Debug|x64.ActiveCfg = Debug|Any CPU
		{BDAFCF36-2D54-4A1D-B594-F06509A3CDD9}.Debug|x64.Build.0 = Debug|Any CPU
		{BDAFCF36-2D54-4A1D-B594-F06509A3CDD9}.Debug|x86.ActiveCfg = Debug|Any CPU
		{BDAFCF36-2D54-4A1D-B594-F06509A3CDD9}.Debug|x86.Build.0 = Debug|Any CPU
		{BDAFCF36-2D54-4A1D-B594-F06509A3CDD9}.Release|Any CPU.ActiveCfg = Release|Any CPU
		{BDAFCF36-2D54-4A1D-B594-F06509A3CDD9}.Release|Any CPU.Build.0 = Release|Any CPU
		{BDAFCF36-2D54-4A1D-B594-F06509A3CDD9}.Release|x64.ActiveCfg = Release|Any CPU
		{BDAFCF36-2D54-4A1D-B594-F06509A3CDD9}.Release|x64.Build.0 = Release|Any CPU
		{BDAFCF36-2D54-4A1D-B594-F06509A3CDD9}.Release|x86.ActiveCfg = Release|Any CPU
		{BDAFCF36-2D54-4A1D-B594-F06509A3CDD9}.Release|x86.Build.0 = Release|Any CPU
		{D49488ED-CE51-492D-A55A-12C76DB68908}.Debug|Any CPU.ActiveCfg = Debug|Any CPU
		{D49488ED-CE51-492D-A55A-12C76DB68908}.Debug|Any CPU.Build.0 = Debug|Any CPU
		{D49488ED-CE51-492D-A55A-12C76DB68908}.Debug|x64.ActiveCfg = Debug|Any CPU
		{D49488ED-CE51-492D-A55A-12C76DB68908}.Debug|x64.Build.0 = Debug|Any CPU
		{D49488ED-CE51-492D-A55A-12C76DB68908}.Debug|x86.ActiveCfg = Debug|Any CPU
		{D49488ED-CE51-492D-A55A-12C76DB68908}.Debug|x86.Build.0 = Debug|Any CPU
		{D49488ED-CE51-492D-A55A-12C76DB68908}.Release|Any CPU.ActiveCfg = Release|Any CPU
		{D49488ED-CE51-492D-A55A-12C76DB68908}.Release|Any CPU.Build.0 = Release|Any CPU
		{D49488ED-CE51-492D-A55A-12C76DB68908}.Release|x64.ActiveCfg = Release|Any CPU
		{D49488ED-CE51-492D-A55A-12C76DB68908}.Release|x64.Build.0 = Release|Any CPU
		{D49488ED-CE51-492D-A55A-12C76DB68908}.Release|x86.ActiveCfg = Release|Any CPU
		{D49488ED-CE51-492D-A55A-12C76DB68908}.Release|x86.Build.0 = Release|Any CPU
		{9253B890-F2F6-4D51-BB4F-A6C6D8F5FC82}.Debug|Any CPU.ActiveCfg = Debug|Any CPU
		{9253B890-F2F6-4D51-BB4F-A6C6D8F5FC82}.Debug|Any CPU.Build.0 = Debug|Any CPU
		{9253B890-F2F6-4D51-BB4F-A6C6D8F5FC82}.Debug|x64.ActiveCfg = Debug|Any CPU
		{9253B890-F2F6-4D51-BB4F-A6C6D8F5FC82}.Debug|x64.Build.0 = Debug|Any CPU
		{9253B890-F2F6-4D51-BB4F-A6C6D8F5FC82}.Debug|x86.ActiveCfg = Debug|Any CPU
		{9253B890-F2F6-4D51-BB4F-A6C6D8F5FC82}.Debug|x86.Build.0 = Debug|Any CPU
		{9253B890-F2F6-4D51-BB4F-A6C6D8F5FC82}.Release|Any CPU.ActiveCfg = Release|Any CPU
		{9253B890-F2F6-4D51-BB4F-A6C6D8F5FC82}.Release|Any CPU.Build.0 = Release|Any CPU
		{9253B890-F2F6-4D51-BB4F-A6C6D8F5FC82}.Release|x64.ActiveCfg = Release|Any CPU
		{9253B890-F2F6-4D51-BB4F-A6C6D8F5FC82}.Release|x64.Build.0 = Release|Any CPU
		{9253B890-F2F6-4D51-BB4F-A6C6D8F5FC82}.Release|x86.ActiveCfg = Release|Any CPU
		{9253B890-F2F6-4D51-BB4F-A6C6D8F5FC82}.Release|x86.Build.0 = Release|Any CPU
		{F3784699-686A-42A9-88AD-7F4B3AEC0445}.Debug|Any CPU.ActiveCfg = Debug|Any CPU
		{F3784699-686A-42A9-88AD-7F4B3AEC0445}.Debug|Any CPU.Build.0 = Debug|Any CPU
		{F3784699-686A-42A9-88AD-7F4B3AEC0445}.Debug|x64.ActiveCfg = Debug|Any CPU
		{F3784699-686A-42A9-88AD-7F4B3AEC0445}.Debug|x64.Build.0 = Debug|Any CPU
		{F3784699-686A-42A9-88AD-7F4B3AEC0445}.Debug|x86.ActiveCfg = Debug|Any CPU
		{F3784699-686A-42A9-88AD-7F4B3AEC0445}.Debug|x86.Build.0 = Debug|Any CPU
		{F3784699-686A-42A9-88AD-7F4B3AEC0445}.Release|Any CPU.ActiveCfg = Release|Any CPU
		{F3784699-686A-42A9-88AD-7F4B3AEC0445}.Release|Any CPU.Build.0 = Release|Any CPU
		{F3784699-686A-42A9-88AD-7F4B3AEC0445}.Release|x64.ActiveCfg = Release|Any CPU
		{F3784699-686A-42A9-88AD-7F4B3AEC0445}.Release|x64.Build.0 = Release|Any CPU
		{F3784699-686A-42A9-88AD-7F4B3AEC0445}.Release|x86.ActiveCfg = Release|Any CPU
		{F3784699-686A-42A9-88AD-7F4B3AEC0445}.Release|x86.Build.0 = Release|Any CPU
		{5A091FF5-A0E5-4EB3-90F4-5E0E11FC7A09}.Debug|Any CPU.ActiveCfg = Debug|Any CPU
		{5A091FF5-A0E5-4EB3-90F4-5E0E11FC7A09}.Debug|Any CPU.Build.0 = Debug|Any CPU
		{5A091FF5-A0E5-4EB3-90F4-5E0E11FC7A09}.Debug|x64.ActiveCfg = Debug|Any CPU
		{5A091FF5-A0E5-4EB3-90F4-5E0E11FC7A09}.Debug|x64.Build.0 = Debug|Any CPU
		{5A091FF5-A0E5-4EB3-90F4-5E0E11FC7A09}.Debug|x86.ActiveCfg = Debug|Any CPU
		{5A091FF5-A0E5-4EB3-90F4-5E0E11FC7A09}.Debug|x86.Build.0 = Debug|Any CPU
		{5A091FF5-A0E5-4EB3-90F4-5E0E11FC7A09}.Release|Any CPU.ActiveCfg = Release|Any CPU
		{5A091FF5-A0E5-4EB3-90F4-5E0E11FC7A09}.Release|Any CPU.Build.0 = Release|Any CPU
		{5A091FF5-A0E5-4EB3-90F4-5E0E11FC7A09}.Release|x64.ActiveCfg = Release|Any CPU
		{5A091FF5-A0E5-4EB3-90F4-5E0E11FC7A09}.Release|x64.Build.0 = Release|Any CPU
		{5A091FF5-A0E5-4EB3-90F4-5E0E11FC7A09}.Release|x86.ActiveCfg = Release|Any CPU
		{5A091FF5-A0E5-4EB3-90F4-5E0E11FC7A09}.Release|x86.Build.0 = Release|Any CPU
		{63E37AE8-E846-4B53-B7F7-EBE90E15E400}.Debug|Any CPU.ActiveCfg = Debug|Any CPU
		{63E37AE8-E846-4B53-B7F7-EBE90E15E400}.Debug|Any CPU.Build.0 = Debug|Any CPU
		{63E37AE8-E846-4B53-B7F7-EBE90E15E400}.Debug|x64.ActiveCfg = Debug|Any CPU
		{63E37AE8-E846-4B53-B7F7-EBE90E15E400}.Debug|x64.Build.0 = Debug|Any CPU
		{63E37AE8-E846-4B53-B7F7-EBE90E15E400}.Debug|x86.ActiveCfg = Debug|Any CPU
		{63E37AE8-E846-4B53-B7F7-EBE90E15E400}.Debug|x86.Build.0 = Debug|Any CPU
		{63E37AE8-E846-4B53-B7F7-EBE90E15E400}.Release|Any CPU.ActiveCfg = Release|Any CPU
		{63E37AE8-E846-4B53-B7F7-EBE90E15E400}.Release|Any CPU.Build.0 = Release|Any CPU
		{63E37AE8-E846-4B53-B7F7-EBE90E15E400}.Release|x64.ActiveCfg = Release|Any CPU
		{63E37AE8-E846-4B53-B7F7-EBE90E15E400}.Release|x64.Build.0 = Release|Any CPU
		{63E37AE8-E846-4B53-B7F7-EBE90E15E400}.Release|x86.ActiveCfg = Release|Any CPU
		{63E37AE8-E846-4B53-B7F7-EBE90E15E400}.Release|x86.Build.0 = Release|Any CPU
		{81073556-43CE-4A6D-BC35-48EDB0FA18CC}.Debug|Any CPU.ActiveCfg = Debug|Any CPU
		{81073556-43CE-4A6D-BC35-48EDB0FA18CC}.Debug|Any CPU.Build.0 = Debug|Any CPU
		{81073556-43CE-4A6D-BC35-48EDB0FA18CC}.Debug|x64.ActiveCfg = Debug|Any CPU
		{81073556-43CE-4A6D-BC35-48EDB0FA18CC}.Debug|x64.Build.0 = Debug|Any CPU
		{81073556-43CE-4A6D-BC35-48EDB0FA18CC}.Debug|x86.ActiveCfg = Debug|Any CPU
		{81073556-43CE-4A6D-BC35-48EDB0FA18CC}.Debug|x86.Build.0 = Debug|Any CPU
		{81073556-43CE-4A6D-BC35-48EDB0FA18CC}.Release|Any CPU.ActiveCfg = Release|Any CPU
		{81073556-43CE-4A6D-BC35-48EDB0FA18CC}.Release|Any CPU.Build.0 = Release|Any CPU
		{81073556-43CE-4A6D-BC35-48EDB0FA18CC}.Release|x64.ActiveCfg = Release|Any CPU
		{81073556-43CE-4A6D-BC35-48EDB0FA18CC}.Release|x64.Build.0 = Release|Any CPU
		{81073556-43CE-4A6D-BC35-48EDB0FA18CC}.Release|x86.ActiveCfg = Release|Any CPU
		{81073556-43CE-4A6D-BC35-48EDB0FA18CC}.Release|x86.Build.0 = Release|Any CPU
		{4B291919-D6C9-49D9-9988-40AC5146BFF0}.Debug|Any CPU.ActiveCfg = Debug|Any CPU
		{4B291919-D6C9-49D9-9988-40AC5146BFF0}.Debug|Any CPU.Build.0 = Debug|Any CPU
		{4B291919-D6C9-49D9-9988-40AC5146BFF0}.Debug|x64.ActiveCfg = Debug|Any CPU
		{4B291919-D6C9-49D9-9988-40AC5146BFF0}.Debug|x64.Build.0 = Debug|Any CPU
		{4B291919-D6C9-49D9-9988-40AC5146BFF0}.Debug|x86.ActiveCfg = Debug|Any CPU
		{4B291919-D6C9-49D9-9988-40AC5146BFF0}.Debug|x86.Build.0 = Debug|Any CPU
		{4B291919-D6C9-49D9-9988-40AC5146BFF0}.Release|Any CPU.ActiveCfg = Release|Any CPU
		{4B291919-D6C9-49D9-9988-40AC5146BFF0}.Release|Any CPU.Build.0 = Release|Any CPU
		{4B291919-D6C9-49D9-9988-40AC5146BFF0}.Release|x64.ActiveCfg = Release|Any CPU
		{4B291919-D6C9-49D9-9988-40AC5146BFF0}.Release|x64.Build.0 = Release|Any CPU
		{4B291919-D6C9-49D9-9988-40AC5146BFF0}.Release|x86.ActiveCfg = Release|Any CPU
		{4B291919-D6C9-49D9-9988-40AC5146BFF0}.Release|x86.Build.0 = Release|Any CPU
		{0FD8171D-5A94-4463-8354-F5F843B8D709}.Debug|Any CPU.ActiveCfg = Debug|Any CPU
		{0FD8171D-5A94-4463-8354-F5F843B8D709}.Debug|Any CPU.Build.0 = Debug|Any CPU
		{0FD8171D-5A94-4463-8354-F5F843B8D709}.Debug|x64.ActiveCfg = Debug|Any CPU
		{0FD8171D-5A94-4463-8354-F5F843B8D709}.Debug|x64.Build.0 = Debug|Any CPU
		{0FD8171D-5A94-4463-8354-F5F843B8D709}.Debug|x86.ActiveCfg = Debug|Any CPU
		{0FD8171D-5A94-4463-8354-F5F843B8D709}.Debug|x86.Build.0 = Debug|Any CPU
		{0FD8171D-5A94-4463-8354-F5F843B8D709}.Release|Any CPU.ActiveCfg = Release|Any CPU
		{0FD8171D-5A94-4463-8354-F5F843B8D709}.Release|Any CPU.Build.0 = Release|Any CPU
		{0FD8171D-5A94-4463-8354-F5F843B8D709}.Release|x64.ActiveCfg = Release|Any CPU
		{0FD8171D-5A94-4463-8354-F5F843B8D709}.Release|x64.Build.0 = Release|Any CPU
		{0FD8171D-5A94-4463-8354-F5F843B8D709}.Release|x86.ActiveCfg = Release|Any CPU
		{0FD8171D-5A94-4463-8354-F5F843B8D709}.Release|x86.Build.0 = Release|Any CPU
	EndGlobalSection
EndGlobal
