
Microsoft Visual Studio Solution File, Format Version 12.00
# Visual Studio Version 16
VisualStudioVersion = 16.0.30114.105
MinimumVisualStudioVersion = 10.0.40219.1
Project("{FAE04EC0-301F-11D3-BF4B-00C04F79EFBC}") = "Penguin.Cms.Web.Local", "Penguin.Cms.Web.Local.csproj", "{24A681DB-BC08-41A5-9098-90876E8CBA8D}"
EndProject
Project("{FAE04EC0-301F-11D3-BF4B-00C04F79EFBC}") = "Penguin.Web.Mvc.Local", "..\Penguin.Web.Mvc\Penguin.Web.Mvc.Local.csproj", "{FB33F470-6172-41C7-809F-877109ABE6F6}"
EndProject
Project("{FAE04EC0-301F-11D3-BF4B-00C04F79EFBC}") = "Penguin.DependencyInjection.Abstractions.Local", "..\Penguin.DependencyInjection.Abstractions\Penguin.DependencyInjection.Abstractions.Local.csproj", "{B97040A7-D568-4ADB-AA14-224F9793FAB6}"
EndProject
Project("{FAE04EC0-301F-11D3-BF4B-00C04F79EFBC}") = "Penguin.Web.Mvc.Abstractions.Local", "..\Penguin.Web.Mvc.Abstractions\Penguin.Web.Mvc.Abstractions.Local.csproj", "{1DE558E1-D78E-4C95-B335-D8F782052EC9}"
EndProject
Project("{FAE04EC0-301F-11D3-BF4B-00C04F79EFBC}") = "Penguin.Templating.Abstractions.Local", "..\Penguin.Templating.Abstractions\Penguin.Templating.Abstractions.Local.csproj", "{E9717EB7-20AE-49B2-AD64-2F0E547A5442}"
EndProject
Project("{FAE04EC0-301F-11D3-BF4B-00C04F79EFBC}") = "Penguin.Web.Abstractions.Local", "..\Penguin.Web.Abstractions\Penguin.Web.Abstractions.Local.csproj", "{AA16B025-9CE5-4DF2-9958-DC1E2439FAFE}"
EndProject
Project("{FAE04EC0-301F-11D3-BF4B-00C04F79EFBC}") = "Penguin.Configuration.Local", "..\Penguin.Configuration\Penguin.Configuration.Local.csproj", "{D283DACE-F449-4C6F-B79C-4B7B9E147EDC}"
EndProject
Project("{FAE04EC0-301F-11D3-BF4B-00C04F79EFBC}") = "Penguin.Configuration.Abstractions.Local", "..\Penguin.Configuration.Abstractions\Penguin.Configuration.Abstractions.Local.csproj", "{CB9135CB-8720-49B8-953A-15D03A247EAC}"
EndProject
Project("{FAE04EC0-301F-11D3-BF4B-00C04F79EFBC}") = "Penguin.Extensions.String.Local", "..\Penguin.Extensions.String\Penguin.Extensions.String.Local.csproj", "{F209A76C-AE6D-4C8E-BA6A-9A1BA0DB7904}"
EndProject
Project("{FAE04EC0-301F-11D3-BF4B-00C04F79EFBC}") = "Penguin.Extensions.Collections.Local", "..\Penguin.Extensions.Collections\Penguin.Extensions.Collections.Local.csproj", "{2D8E653A-63EF-4BA5-86B1-66E8E85060EC}"
EndProject
Project("{FAE04EC0-301F-11D3-BF4B-00C04F79EFBC}") = "Penguin.Reflection.Extensions.Local", "..\Penguin.Reflection.Extensions\Penguin.Reflection.Extensions.Local.csproj", "{4700249D-5E46-40A8-89D9-343BF0A5FAFA}"
EndProject
Project("{FAE04EC0-301F-11D3-BF4B-00C04F79EFBC}") = "Penguin.Reflection.Abstractions.Local", "..\Penguin.Reflection.Abstractions\Penguin.Reflection.Abstractions.Local.csproj", "{825AA69E-A2A7-4657-BBF5-F9B0C479F0B8}"
EndProject
Project("{FAE04EC0-301F-11D3-BF4B-00C04F79EFBC}") = "Penguin.Cms.Abstractions.Local", "..\Penguin.Cms.Abstractions\Penguin.Cms.Abstractions.Local.csproj", "{170C154A-7044-4753-B154-BEE7C99BBB97}"
EndProject
Project("{FAE04EC0-301F-11D3-BF4B-00C04F79EFBC}") = "Penguin.Persistence.Abstractions.Local", "..\Penguin.Persistence.Abstractions\Penguin.Persistence.Abstractions.Local.csproj", "{E05C09BA-5311-40E1-A031-AE4791154B77}"
EndProject
Project("{FAE04EC0-301F-11D3-BF4B-00C04F79EFBC}") = "Penguin.Entities.Abstractions.Local", "..\Penguin.Entities.Abstractions\Penguin.Entities.Abstractions.Local.csproj", "{CB7582F1-FDFA-476C-AF9C-DE856E7DC2A9}"
EndProject
Project("{FAE04EC0-301F-11D3-BF4B-00C04F79EFBC}") = "Penguin.Cms.Entities.Local", "..\Penguin.Cms.Entities\Penguin.Cms.Entities.Local.csproj", "{9BC047BD-BC35-4025-B66B-7CC5FD59E65E}"
EndProject
Project("{FAE04EC0-301F-11D3-BF4B-00C04F79EFBC}") = "Penguin.Messaging.Application.Local", "..\Penguin.Messaging.Application\Penguin.Messaging.Application.Local.csproj", "{B67D7F4D-E3B9-43B9-B0C0-EB212FA8B86E}"
EndProject
Project("{FAE04EC0-301F-11D3-BF4B-00C04F79EFBC}") = "Penguin.Messaging.Core.Local", "..\Penguin.Messaging.Core\Penguin.Messaging.Core.Local.csproj", "{55F8CB40-66A5-423E-BB97-575090ED407F}"
EndProject
Project("{FAE04EC0-301F-11D3-BF4B-00C04F79EFBC}") = "Penguin.Messaging.Abstractions.Local", "..\Penguin.Messaging.Abstractions\Penguin.Messaging.Abstractions.Local.csproj", "{187D6632-2693-4B91-A704-BA39DC592920}"
EndProject
Project("{FAE04EC0-301F-11D3-BF4B-00C04F79EFBC}") = "Penguin.Debugging.Local", "..\Penguin.Debugging\Penguin.Debugging.Local.csproj", "{74F63C81-7C35-4B53-9C81-46AA2E9DCE3D}"
EndProject
Project("{FAE04EC0-301F-11D3-BF4B-00C04F79EFBC}") = "Penguin.Extensions.Exceptions.Local", "..\Penguin.Extensions.Exceptions\Penguin.Extensions.Exceptions.Local.csproj", "{1769ED94-7172-4038-A9D1-FDB23E6C1CFB}"
EndProject
Project("{FAE04EC0-301F-11D3-BF4B-00C04F79EFBC}") = "Penguin.Testing.Local", "..\Penguin.Testing\Penguin.Testing.Local.csproj", "{2C420917-5CB5-4214-B2CA-67DFA25C8214}"
EndProject
Project("{FAE04EC0-301F-11D3-BF4B-00C04F79EFBC}") = "Penguin.Reflection.Local", "..\Penguin.Reflection\Penguin.Reflection.Local.csproj", "{3C387AC8-A579-4D40-82C9-E51582A80459}"
EndProject
Project("{FAE04EC0-301F-11D3-BF4B-00C04F79EFBC}") = "Penguin.Web.Errors.Local", "..\Penguin.Web.Errors\Penguin.Web.Errors.Local.csproj", "{8227D708-1F82-4197-969F-B82F86382DAF}"
EndProject
Project("{FAE04EC0-301F-11D3-BF4B-00C04F79EFBC}") = "Penguin.Files.Local", "..\Penguin.Files\Penguin.Files.Local.csproj", "{452EBBB8-1007-4AAA-BFCE-E27E43B23FC3}"
EndProject
Project("{FAE04EC0-301F-11D3-BF4B-00C04F79EFBC}") = "Penguin.Files.Abstractions.Local", "..\Penguin.Files.Abstractions\Penguin.Files.Abstractions.Local.csproj", "{4129A1BA-C740-4059-9BDD-8861CB298481}"
EndProject
Project("{FAE04EC0-301F-11D3-BF4B-00C04F79EFBC}") = "Penguin.Security.Abstractions.Local", "..\Penguin.Security.Abstractions\Penguin.Security.Abstractions.Local.csproj", "{B80EE070-683F-4254-94D3-1A87F2EAF95D}"
EndProject
Project("{FAE04EC0-301F-11D3-BF4B-00C04F79EFBC}") = "Penguin.Web.DependencyInjection.Local", "..\Penguin.Web.DependencyInjection\Penguin.Web.DependencyInjection.Local.csproj", "{BE3E6D36-5A08-4A41-8D6C-C94D2DED991A}"
EndProject
Project("{FAE04EC0-301F-11D3-BF4B-00C04F79EFBC}") = "Penguin.Web.Testing.Local", "..\Penguin.Web.Testing\Penguin.Web.Testing.Local.csproj", "{86C9643B-5069-4327-9C0C-D728F7A650AF}"
EndProject
Project("{FAE04EC0-301F-11D3-BF4B-00C04F79EFBC}") = "Penguin.DependencyInjection.Local", "..\Penguin.DependencyInjection\Penguin.DependencyInjection.Local.csproj", "{86D19BD2-7D08-4F76-B749-50A38CDEBA4B}"
EndProject
Project("{FAE04EC0-301F-11D3-BF4B-00C04F79EFBC}") = "Penguin.Persistence.Repositories.Local", "..\Penguin.Persistence.Repositories\Penguin.Persistence.Repositories.Local.csproj", "{14BAD204-F6F2-41B3-A36F-9766A5DF4765}"
EndProject
Project("{FAE04EC0-301F-11D3-BF4B-00C04F79EFBC}") = "Penguin.Messaging.Persistence.Local", "..\Penguin.Messaging.Persistence\Penguin.Messaging.Persistence.Local.csproj", "{E4F32E90-9777-4D32-8D84-F1E3028D59EC}"
EndProject
Project("{FAE04EC0-301F-11D3-BF4B-00C04F79EFBC}") = "Penguin.Reflection.Serialization.Extensions.Local", "..\Penguin.Reflection.Serialization.Extensions\Penguin.Reflection.Serialization.Extensions.Local.csproj", "{21DDCF6C-E539-4B67-9F66-2DBCD90821C3}"
EndProject
Project("{FAE04EC0-301F-11D3-BF4B-00C04F79EFBC}") = "Penguin.Reflection.Serialization.Local", "..\Penguin.Reflection.Serialization\Penguin.Reflection.Serialization.Local.csproj", "{B89FD785-8F3D-49E6-BB62-B8A92CB93F30}"
EndProject
Project("{FAE04EC0-301F-11D3-BF4B-00C04F79EFBC}") = "Penguin.Reflection.Serialization.Abstractions.Local", "..\Penguin.Reflection.Serialization.Abstractions\Penguin.Reflection.Serialization.Abstractions.Local.csproj", "{5AEC0321-A72D-498E-94CD-3F687B51A52B}"
EndProject
Project("{FAE04EC0-301F-11D3-BF4B-00C04F79EFBC}") = "Penguin.Persistence.Database.Local", "..\Penguin.Persistence.Database\Penguin.Persistence.Database.Local.csproj", "{12688C11-CAF4-4AFE-8682-E3FBA277CD72}"
EndProject
Project("{FAE04EC0-301F-11D3-BF4B-00C04F79EFBC}") = "Penguin.Threading.BackgroundWorker.Local", "..\Penguin.Threading.BackgroundWorker\Penguin.Threading.BackgroundWorker.Local.csproj", "{79585395-6A88-4051-97A0-EA2D3055E0BE}"
EndProject
Global
	GlobalSection(SolutionConfigurationPlatforms) = preSolution
		Debug|Any CPU = Debug|Any CPU
		Debug|x64 = Debug|x64
		Debug|x86 = Debug|x86
		Release|Any CPU = Release|Any CPU
		Release|x64 = Release|x64
		Release|x86 = Release|x86
	EndGlobalSection
	GlobalSection(SolutionProperties) = preSolution
		HideSolutionNode = FALSE
	EndGlobalSection
	GlobalSection(ProjectConfigurationPlatforms) = postSolution
		{24A681DB-BC08-41A5-9098-90876E8CBA8D}.Debug|Any CPU.ActiveCfg = Debug|Any CPU
		{24A681DB-BC08-41A5-9098-90876E8CBA8D}.Debug|Any CPU.Build.0 = Debug|Any CPU
		{24A681DB-BC08-41A5-9098-90876E8CBA8D}.Debug|x64.ActiveCfg = Debug|Any CPU
		{24A681DB-BC08-41A5-9098-90876E8CBA8D}.Debug|x64.Build.0 = Debug|Any CPU
		{24A681DB-BC08-41A5-9098-90876E8CBA8D}.Debug|x86.ActiveCfg = Debug|Any CPU
		{24A681DB-BC08-41A5-9098-90876E8CBA8D}.Debug|x86.Build.0 = Debug|Any CPU
		{24A681DB-BC08-41A5-9098-90876E8CBA8D}.Release|Any CPU.ActiveCfg = Release|Any CPU
		{24A681DB-BC08-41A5-9098-90876E8CBA8D}.Release|Any CPU.Build.0 = Release|Any CPU
		{24A681DB-BC08-41A5-9098-90876E8CBA8D}.Release|x64.ActiveCfg = Release|Any CPU
		{24A681DB-BC08-41A5-9098-90876E8CBA8D}.Release|x64.Build.0 = Release|Any CPU
		{24A681DB-BC08-41A5-9098-90876E8CBA8D}.Release|x86.ActiveCfg = Release|Any CPU
		{24A681DB-BC08-41A5-9098-90876E8CBA8D}.Release|x86.Build.0 = Release|Any CPU
		{FB33F470-6172-41C7-809F-877109ABE6F6}.Debug|Any CPU.ActiveCfg = Debug|Any CPU
		{FB33F470-6172-41C7-809F-877109ABE6F6}.Debug|Any CPU.Build.0 = Debug|Any CPU
		{FB33F470-6172-41C7-809F-877109ABE6F6}.Debug|x64.ActiveCfg = Debug|Any CPU
		{FB33F470-6172-41C7-809F-877109ABE6F6}.Debug|x64.Build.0 = Debug|Any CPU
		{FB33F470-6172-41C7-809F-877109ABE6F6}.Debug|x86.ActiveCfg = Debug|Any CPU
		{FB33F470-6172-41C7-809F-877109ABE6F6}.Debug|x86.Build.0 = Debug|Any CPU
		{FB33F470-6172-41C7-809F-877109ABE6F6}.Release|Any CPU.ActiveCfg = Release|Any CPU
		{FB33F470-6172-41C7-809F-877109ABE6F6}.Release|Any CPU.Build.0 = Release|Any CPU
		{FB33F470-6172-41C7-809F-877109ABE6F6}.Release|x64.ActiveCfg = Release|Any CPU
		{FB33F470-6172-41C7-809F-877109ABE6F6}.Release|x64.Build.0 = Release|Any CPU
		{FB33F470-6172-41C7-809F-877109ABE6F6}.Release|x86.ActiveCfg = Release|Any CPU
		{FB33F470-6172-41C7-809F-877109ABE6F6}.Release|x86.Build.0 = Release|Any CPU
		{B97040A7-D568-4ADB-AA14-224F9793FAB6}.Debug|Any CPU.ActiveCfg = Debug|Any CPU
		{B97040A7-D568-4ADB-AA14-224F9793FAB6}.Debug|Any CPU.Build.0 = Debug|Any CPU
		{B97040A7-D568-4ADB-AA14-224F9793FAB6}.Debug|x64.ActiveCfg = Debug|Any CPU
		{B97040A7-D568-4ADB-AA14-224F9793FAB6}.Debug|x64.Build.0 = Debug|Any CPU
		{B97040A7-D568-4ADB-AA14-224F9793FAB6}.Debug|x86.ActiveCfg = Debug|Any CPU
		{B97040A7-D568-4ADB-AA14-224F9793FAB6}.Debug|x86.Build.0 = Debug|Any CPU
		{B97040A7-D568-4ADB-AA14-224F9793FAB6}.Release|Any CPU.ActiveCfg = Release|Any CPU
		{B97040A7-D568-4ADB-AA14-224F9793FAB6}.Release|Any CPU.Build.0 = Release|Any CPU
		{B97040A7-D568-4ADB-AA14-224F9793FAB6}.Release|x64.ActiveCfg = Release|Any CPU
		{B97040A7-D568-4ADB-AA14-224F9793FAB6}.Release|x64.Build.0 = Release|Any CPU
		{B97040A7-D568-4ADB-AA14-224F9793FAB6}.Release|x86.ActiveCfg = Release|Any CPU
		{B97040A7-D568-4ADB-AA14-224F9793FAB6}.Release|x86.Build.0 = Release|Any CPU
		{1DE558E1-D78E-4C95-B335-D8F782052EC9}.Debug|Any CPU.ActiveCfg = Debug|Any CPU
		{1DE558E1-D78E-4C95-B335-D8F782052EC9}.Debug|Any CPU.Build.0 = Debug|Any CPU
		{1DE558E1-D78E-4C95-B335-D8F782052EC9}.Debug|x64.ActiveCfg = Debug|Any CPU
		{1DE558E1-D78E-4C95-B335-D8F782052EC9}.Debug|x64.Build.0 = Debug|Any CPU
		{1DE558E1-D78E-4C95-B335-D8F782052EC9}.Debug|x86.ActiveCfg = Debug|Any CPU
		{1DE558E1-D78E-4C95-B335-D8F782052EC9}.Debug|x86.Build.0 = Debug|Any CPU
		{1DE558E1-D78E-4C95-B335-D8F782052EC9}.Release|Any CPU.ActiveCfg = Release|Any CPU
		{1DE558E1-D78E-4C95-B335-D8F782052EC9}.Release|Any CPU.Build.0 = Release|Any CPU
		{1DE558E1-D78E-4C95-B335-D8F782052EC9}.Release|x64.ActiveCfg = Release|Any CPU
		{1DE558E1-D78E-4C95-B335-D8F782052EC9}.Release|x64.Build.0 = Release|Any CPU
		{1DE558E1-D78E-4C95-B335-D8F782052EC9}.Release|x86.ActiveCfg = Release|Any CPU
		{1DE558E1-D78E-4C95-B335-D8F782052EC9}.Release|x86.Build.0 = Release|Any CPU
		{E9717EB7-20AE-49B2-AD64-2F0E547A5442}.Debug|Any CPU.ActiveCfg = Debug|Any CPU
		{E9717EB7-20AE-49B2-AD64-2F0E547A5442}.Debug|Any CPU.Build.0 = Debug|Any CPU
		{E9717EB7-20AE-49B2-AD64-2F0E547A5442}.Debug|x64.ActiveCfg = Debug|Any CPU
		{E9717EB7-20AE-49B2-AD64-2F0E547A5442}.Debug|x64.Build.0 = Debug|Any CPU
		{E9717EB7-20AE-49B2-AD64-2F0E547A5442}.Debug|x86.ActiveCfg = Debug|Any CPU
		{E9717EB7-20AE-49B2-AD64-2F0E547A5442}.Debug|x86.Build.0 = Debug|Any CPU
		{E9717EB7-20AE-49B2-AD64-2F0E547A5442}.Release|Any CPU.ActiveCfg = Release|Any CPU
		{E9717EB7-20AE-49B2-AD64-2F0E547A5442}.Release|Any CPU.Build.0 = Release|Any CPU
		{E9717EB7-20AE-49B2-AD64-2F0E547A5442}.Release|x64.ActiveCfg = Release|Any CPU
		{E9717EB7-20AE-49B2-AD64-2F0E547A5442}.Release|x64.Build.0 = Release|Any CPU
		{E9717EB7-20AE-49B2-AD64-2F0E547A5442}.Release|x86.ActiveCfg = Release|Any CPU
		{E9717EB7-20AE-49B2-AD64-2F0E547A5442}.Release|x86.Build.0 = Release|Any CPU
		{AA16B025-9CE5-4DF2-9958-DC1E2439FAFE}.Debug|Any CPU.ActiveCfg = Debug|Any CPU
		{AA16B025-9CE5-4DF2-9958-DC1E2439FAFE}.Debug|Any CPU.Build.0 = Debug|Any CPU
		{AA16B025-9CE5-4DF2-9958-DC1E2439FAFE}.Debug|x64.ActiveCfg = Debug|Any CPU
		{AA16B025-9CE5-4DF2-9958-DC1E2439FAFE}.Debug|x64.Build.0 = Debug|Any CPU
		{AA16B025-9CE5-4DF2-9958-DC1E2439FAFE}.Debug|x86.ActiveCfg = Debug|Any CPU
		{AA16B025-9CE5-4DF2-9958-DC1E2439FAFE}.Debug|x86.Build.0 = Debug|Any CPU
		{AA16B025-9CE5-4DF2-9958-DC1E2439FAFE}.Release|Any CPU.ActiveCfg = Release|Any CPU
		{AA16B025-9CE5-4DF2-9958-DC1E2439FAFE}.Release|Any CPU.Build.0 = Release|Any CPU
		{AA16B025-9CE5-4DF2-9958-DC1E2439FAFE}.Release|x64.ActiveCfg = Release|Any CPU
		{AA16B025-9CE5-4DF2-9958-DC1E2439FAFE}.Release|x64.Build.0 = Release|Any CPU
		{AA16B025-9CE5-4DF2-9958-DC1E2439FAFE}.Release|x86.ActiveCfg = Release|Any CPU
		{AA16B025-9CE5-4DF2-9958-DC1E2439FAFE}.Release|x86.Build.0 = Release|Any CPU
		{D283DACE-F449-4C6F-B79C-4B7B9E147EDC}.Debug|Any CPU.ActiveCfg = Debug|Any CPU
		{D283DACE-F449-4C6F-B79C-4B7B9E147EDC}.Debug|Any CPU.Build.0 = Debug|Any CPU
		{D283DACE-F449-4C6F-B79C-4B7B9E147EDC}.Debug|x64.ActiveCfg = Debug|Any CPU
		{D283DACE-F449-4C6F-B79C-4B7B9E147EDC}.Debug|x64.Build.0 = Debug|Any CPU
		{D283DACE-F449-4C6F-B79C-4B7B9E147EDC}.Debug|x86.ActiveCfg = Debug|Any CPU
		{D283DACE-F449-4C6F-B79C-4B7B9E147EDC}.Debug|x86.Build.0 = Debug|Any CPU
		{D283DACE-F449-4C6F-B79C-4B7B9E147EDC}.Release|Any CPU.ActiveCfg = Release|Any CPU
		{D283DACE-F449-4C6F-B79C-4B7B9E147EDC}.Release|Any CPU.Build.0 = Release|Any CPU
		{D283DACE-F449-4C6F-B79C-4B7B9E147EDC}.Release|x64.ActiveCfg = Release|Any CPU
		{D283DACE-F449-4C6F-B79C-4B7B9E147EDC}.Release|x64.Build.0 = Release|Any CPU
		{D283DACE-F449-4C6F-B79C-4B7B9E147EDC}.Release|x86.ActiveCfg = Release|Any CPU
		{D283DACE-F449-4C6F-B79C-4B7B9E147EDC}.Release|x86.Build.0 = Release|Any CPU
		{CB9135CB-8720-49B8-953A-15D03A247EAC}.Debug|Any CPU.ActiveCfg = Debug|Any CPU
		{CB9135CB-8720-49B8-953A-15D03A247EAC}.Debug|Any CPU.Build.0 = Debug|Any CPU
		{CB9135CB-8720-49B8-953A-15D03A247EAC}.Debug|x64.ActiveCfg = Debug|Any CPU
		{CB9135CB-8720-49B8-953A-15D03A247EAC}.Debug|x64.Build.0 = Debug|Any CPU
		{CB9135CB-8720-49B8-953A-15D03A247EAC}.Debug|x86.ActiveCfg = Debug|Any CPU
		{CB9135CB-8720-49B8-953A-15D03A247EAC}.Debug|x86.Build.0 = Debug|Any CPU
		{CB9135CB-8720-49B8-953A-15D03A247EAC}.Release|Any CPU.ActiveCfg = Release|Any CPU
		{CB9135CB-8720-49B8-953A-15D03A247EAC}.Release|Any CPU.Build.0 = Release|Any CPU
		{CB9135CB-8720-49B8-953A-15D03A247EAC}.Release|x64.ActiveCfg = Release|Any CPU
		{CB9135CB-8720-49B8-953A-15D03A247EAC}.Release|x64.Build.0 = Release|Any CPU
		{CB9135CB-8720-49B8-953A-15D03A247EAC}.Release|x86.ActiveCfg = Release|Any CPU
		{CB9135CB-8720-49B8-953A-15D03A247EAC}.Release|x86.Build.0 = Release|Any CPU
		{F209A76C-AE6D-4C8E-BA6A-9A1BA0DB7904}.Debug|Any CPU.ActiveCfg = Debug|Any CPU
		{F209A76C-AE6D-4C8E-BA6A-9A1BA0DB7904}.Debug|Any CPU.Build.0 = Debug|Any CPU
		{F209A76C-AE6D-4C8E-BA6A-9A1BA0DB7904}.Debug|x64.ActiveCfg = Debug|Any CPU
		{F209A76C-AE6D-4C8E-BA6A-9A1BA0DB7904}.Debug|x64.Build.0 = Debug|Any CPU
		{F209A76C-AE6D-4C8E-BA6A-9A1BA0DB7904}.Debug|x86.ActiveCfg = Debug|Any CPU
		{F209A76C-AE6D-4C8E-BA6A-9A1BA0DB7904}.Debug|x86.Build.0 = Debug|Any CPU
		{F209A76C-AE6D-4C8E-BA6A-9A1BA0DB7904}.Release|Any CPU.ActiveCfg = Release|Any CPU
		{F209A76C-AE6D-4C8E-BA6A-9A1BA0DB7904}.Release|Any CPU.Build.0 = Release|Any CPU
		{F209A76C-AE6D-4C8E-BA6A-9A1BA0DB7904}.Release|x64.ActiveCfg = Release|Any CPU
		{F209A76C-AE6D-4C8E-BA6A-9A1BA0DB7904}.Release|x64.Build.0 = Release|Any CPU
		{F209A76C-AE6D-4C8E-BA6A-9A1BA0DB7904}.Release|x86.ActiveCfg = Release|Any CPU
		{F209A76C-AE6D-4C8E-BA6A-9A1BA0DB7904}.Release|x86.Build.0 = Release|Any CPU
		{2D8E653A-63EF-4BA5-86B1-66E8E85060EC}.Debug|Any CPU.ActiveCfg = Debug|Any CPU
		{2D8E653A-63EF-4BA5-86B1-66E8E85060EC}.Debug|Any CPU.Build.0 = Debug|Any CPU
		{2D8E653A-63EF-4BA5-86B1-66E8E85060EC}.Debug|x64.ActiveCfg = Debug|Any CPU
		{2D8E653A-63EF-4BA5-86B1-66E8E85060EC}.Debug|x64.Build.0 = Debug|Any CPU
		{2D8E653A-63EF-4BA5-86B1-66E8E85060EC}.Debug|x86.ActiveCfg = Debug|Any CPU
		{2D8E653A-63EF-4BA5-86B1-66E8E85060EC}.Debug|x86.Build.0 = Debug|Any CPU
		{2D8E653A-63EF-4BA5-86B1-66E8E85060EC}.Release|Any CPU.ActiveCfg = Release|Any CPU
		{2D8E653A-63EF-4BA5-86B1-66E8E85060EC}.Release|Any CPU.Build.0 = Release|Any CPU
		{2D8E653A-63EF-4BA5-86B1-66E8E85060EC}.Release|x64.ActiveCfg = Release|Any CPU
		{2D8E653A-63EF-4BA5-86B1-66E8E85060EC}.Release|x64.Build.0 = Release|Any CPU
		{2D8E653A-63EF-4BA5-86B1-66E8E85060EC}.Release|x86.ActiveCfg = Release|Any CPU
		{2D8E653A-63EF-4BA5-86B1-66E8E85060EC}.Release|x86.Build.0 = Release|Any CPU
		{4700249D-5E46-40A8-89D9-343BF0A5FAFA}.Debug|Any CPU.ActiveCfg = Debug|Any CPU
		{4700249D-5E46-40A8-89D9-343BF0A5FAFA}.Debug|Any CPU.Build.0 = Debug|Any CPU
		{4700249D-5E46-40A8-89D9-343BF0A5FAFA}.Debug|x64.ActiveCfg = Debug|Any CPU
		{4700249D-5E46-40A8-89D9-343BF0A5FAFA}.Debug|x64.Build.0 = Debug|Any CPU
		{4700249D-5E46-40A8-89D9-343BF0A5FAFA}.Debug|x86.ActiveCfg = Debug|Any CPU
		{4700249D-5E46-40A8-89D9-343BF0A5FAFA}.Debug|x86.Build.0 = Debug|Any CPU
		{4700249D-5E46-40A8-89D9-343BF0A5FAFA}.Release|Any CPU.ActiveCfg = Release|Any CPU
		{4700249D-5E46-40A8-89D9-343BF0A5FAFA}.Release|Any CPU.Build.0 = Release|Any CPU
		{4700249D-5E46-40A8-89D9-343BF0A5FAFA}.Release|x64.ActiveCfg = Release|Any CPU
		{4700249D-5E46-40A8-89D9-343BF0A5FAFA}.Release|x64.Build.0 = Release|Any CPU
		{4700249D-5E46-40A8-89D9-343BF0A5FAFA}.Release|x86.ActiveCfg = Release|Any CPU
		{4700249D-5E46-40A8-89D9-343BF0A5FAFA}.Release|x86.Build.0 = Release|Any CPU
		{825AA69E-A2A7-4657-BBF5-F9B0C479F0B8}.Debug|Any CPU.ActiveCfg = Debug|Any CPU
		{825AA69E-A2A7-4657-BBF5-F9B0C479F0B8}.Debug|Any CPU.Build.0 = Debug|Any CPU
		{825AA69E-A2A7-4657-BBF5-F9B0C479F0B8}.Debug|x64.ActiveCfg = Debug|Any CPU
		{825AA69E-A2A7-4657-BBF5-F9B0C479F0B8}.Debug|x64.Build.0 = Debug|Any CPU
		{825AA69E-A2A7-4657-BBF5-F9B0C479F0B8}.Debug|x86.ActiveCfg = Debug|Any CPU
		{825AA69E-A2A7-4657-BBF5-F9B0C479F0B8}.Debug|x86.Build.0 = Debug|Any CPU
		{825AA69E-A2A7-4657-BBF5-F9B0C479F0B8}.Release|Any CPU.ActiveCfg = Release|Any CPU
		{825AA69E-A2A7-4657-BBF5-F9B0C479F0B8}.Release|Any CPU.Build.0 = Release|Any CPU
		{825AA69E-A2A7-4657-BBF5-F9B0C479F0B8}.Release|x64.ActiveCfg = Release|Any CPU
		{825AA69E-A2A7-4657-BBF5-F9B0C479F0B8}.Release|x64.Build.0 = Release|Any CPU
		{825AA69E-A2A7-4657-BBF5-F9B0C479F0B8}.Release|x86.ActiveCfg = Release|Any CPU
		{825AA69E-A2A7-4657-BBF5-F9B0C479F0B8}.Release|x86.Build.0 = Release|Any CPU
		{170C154A-7044-4753-B154-BEE7C99BBB97}.Debug|Any CPU.ActiveCfg = Debug|Any CPU
		{170C154A-7044-4753-B154-BEE7C99BBB97}.Debug|Any CPU.Build.0 = Debug|Any CPU
		{170C154A-7044-4753-B154-BEE7C99BBB97}.Debug|x64.ActiveCfg = Debug|Any CPU
		{170C154A-7044-4753-B154-BEE7C99BBB97}.Debug|x64.Build.0 = Debug|Any CPU
		{170C154A-7044-4753-B154-BEE7C99BBB97}.Debug|x86.ActiveCfg = Debug|Any CPU
		{170C154A-7044-4753-B154-BEE7C99BBB97}.Debug|x86.Build.0 = Debug|Any CPU
		{170C154A-7044-4753-B154-BEE7C99BBB97}.Release|Any CPU.ActiveCfg = Release|Any CPU
		{170C154A-7044-4753-B154-BEE7C99BBB97}.Release|Any CPU.Build.0 = Release|Any CPU
		{170C154A-7044-4753-B154-BEE7C99BBB97}.Release|x64.ActiveCfg = Release|Any CPU
		{170C154A-7044-4753-B154-BEE7C99BBB97}.Release|x64.Build.0 = Release|Any CPU
		{170C154A-7044-4753-B154-BEE7C99BBB97}.Release|x86.ActiveCfg = Release|Any CPU
		{170C154A-7044-4753-B154-BEE7C99BBB97}.Release|x86.Build.0 = Release|Any CPU
		{E05C09BA-5311-40E1-A031-AE4791154B77}.Debug|Any CPU.ActiveCfg = Debug|Any CPU
		{E05C09BA-5311-40E1-A031-AE4791154B77}.Debug|Any CPU.Build.0 = Debug|Any CPU
		{E05C09BA-5311-40E1-A031-AE4791154B77}.Debug|x64.ActiveCfg = Debug|Any CPU
		{E05C09BA-5311-40E1-A031-AE4791154B77}.Debug|x64.Build.0 = Debug|Any CPU
		{E05C09BA-5311-40E1-A031-AE4791154B77}.Debug|x86.ActiveCfg = Debug|Any CPU
		{E05C09BA-5311-40E1-A031-AE4791154B77}.Debug|x86.Build.0 = Debug|Any CPU
		{E05C09BA-5311-40E1-A031-AE4791154B77}.Release|Any CPU.ActiveCfg = Release|Any CPU
		{E05C09BA-5311-40E1-A031-AE4791154B77}.Release|Any CPU.Build.0 = Release|Any CPU
		{E05C09BA-5311-40E1-A031-AE4791154B77}.Release|x64.ActiveCfg = Release|Any CPU
		{E05C09BA-5311-40E1-A031-AE4791154B77}.Release|x64.Build.0 = Release|Any CPU
		{E05C09BA-5311-40E1-A031-AE4791154B77}.Release|x86.ActiveCfg = Release|Any CPU
		{E05C09BA-5311-40E1-A031-AE4791154B77}.Release|x86.Build.0 = Release|Any CPU
		{CB7582F1-FDFA-476C-AF9C-DE856E7DC2A9}.Debug|Any CPU.ActiveCfg = Debug|Any CPU
		{CB7582F1-FDFA-476C-AF9C-DE856E7DC2A9}.Debug|Any CPU.Build.0 = Debug|Any CPU
		{CB7582F1-FDFA-476C-AF9C-DE856E7DC2A9}.Debug|x64.ActiveCfg = Debug|Any CPU
		{CB7582F1-FDFA-476C-AF9C-DE856E7DC2A9}.Debug|x64.Build.0 = Debug|Any CPU
		{CB7582F1-FDFA-476C-AF9C-DE856E7DC2A9}.Debug|x86.ActiveCfg = Debug|Any CPU
		{CB7582F1-FDFA-476C-AF9C-DE856E7DC2A9}.Debug|x86.Build.0 = Debug|Any CPU
		{CB7582F1-FDFA-476C-AF9C-DE856E7DC2A9}.Release|Any CPU.ActiveCfg = Release|Any CPU
		{CB7582F1-FDFA-476C-AF9C-DE856E7DC2A9}.Release|Any CPU.Build.0 = Release|Any CPU
		{CB7582F1-FDFA-476C-AF9C-DE856E7DC2A9}.Release|x64.ActiveCfg = Release|Any CPU
		{CB7582F1-FDFA-476C-AF9C-DE856E7DC2A9}.Release|x64.Build.0 = Release|Any CPU
		{CB7582F1-FDFA-476C-AF9C-DE856E7DC2A9}.Release|x86.ActiveCfg = Release|Any CPU
		{CB7582F1-FDFA-476C-AF9C-DE856E7DC2A9}.Release|x86.Build.0 = Release|Any CPU
		{9BC047BD-BC35-4025-B66B-7CC5FD59E65E}.Debug|Any CPU.ActiveCfg = Debug|Any CPU
		{9BC047BD-BC35-4025-B66B-7CC5FD59E65E}.Debug|Any CPU.Build.0 = Debug|Any CPU
		{9BC047BD-BC35-4025-B66B-7CC5FD59E65E}.Debug|x64.ActiveCfg = Debug|Any CPU
		{9BC047BD-BC35-4025-B66B-7CC5FD59E65E}.Debug|x64.Build.0 = Debug|Any CPU
		{9BC047BD-BC35-4025-B66B-7CC5FD59E65E}.Debug|x86.ActiveCfg = Debug|Any CPU
		{9BC047BD-BC35-4025-B66B-7CC5FD59E65E}.Debug|x86.Build.0 = Debug|Any CPU
		{9BC047BD-BC35-4025-B66B-7CC5FD59E65E}.Release|Any CPU.ActiveCfg = Release|Any CPU
		{9BC047BD-BC35-4025-B66B-7CC5FD59E65E}.Release|Any CPU.Build.0 = Release|Any CPU
		{9BC047BD-BC35-4025-B66B-7CC5FD59E65E}.Release|x64.ActiveCfg = Release|Any CPU
		{9BC047BD-BC35-4025-B66B-7CC5FD59E65E}.Release|x64.Build.0 = Release|Any CPU
		{9BC047BD-BC35-4025-B66B-7CC5FD59E65E}.Release|x86.ActiveCfg = Release|Any CPU
		{9BC047BD-BC35-4025-B66B-7CC5FD59E65E}.Release|x86.Build.0 = Release|Any CPU
		{B67D7F4D-E3B9-43B9-B0C0-EB212FA8B86E}.Debug|Any CPU.ActiveCfg = Debug|Any CPU
		{B67D7F4D-E3B9-43B9-B0C0-EB212FA8B86E}.Debug|Any CPU.Build.0 = Debug|Any CPU
		{B67D7F4D-E3B9-43B9-B0C0-EB212FA8B86E}.Debug|x64.ActiveCfg = Debug|Any CPU
		{B67D7F4D-E3B9-43B9-B0C0-EB212FA8B86E}.Debug|x64.Build.0 = Debug|Any CPU
		{B67D7F4D-E3B9-43B9-B0C0-EB212FA8B86E}.Debug|x86.ActiveCfg = Debug|Any CPU
		{B67D7F4D-E3B9-43B9-B0C0-EB212FA8B86E}.Debug|x86.Build.0 = Debug|Any CPU
		{B67D7F4D-E3B9-43B9-B0C0-EB212FA8B86E}.Release|Any CPU.ActiveCfg = Release|Any CPU
		{B67D7F4D-E3B9-43B9-B0C0-EB212FA8B86E}.Release|Any CPU.Build.0 = Release|Any CPU
		{B67D7F4D-E3B9-43B9-B0C0-EB212FA8B86E}.Release|x64.ActiveCfg = Release|Any CPU
		{B67D7F4D-E3B9-43B9-B0C0-EB212FA8B86E}.Release|x64.Build.0 = Release|Any CPU
		{B67D7F4D-E3B9-43B9-B0C0-EB212FA8B86E}.Release|x86.ActiveCfg = Release|Any CPU
		{B67D7F4D-E3B9-43B9-B0C0-EB212FA8B86E}.Release|x86.Build.0 = Release|Any CPU
		{55F8CB40-66A5-423E-BB97-575090ED407F}.Debug|Any CPU.ActiveCfg = Debug|Any CPU
		{55F8CB40-66A5-423E-BB97-575090ED407F}.Debug|Any CPU.Build.0 = Debug|Any CPU
		{55F8CB40-66A5-423E-BB97-575090ED407F}.Debug|x64.ActiveCfg = Debug|Any CPU
		{55F8CB40-66A5-423E-BB97-575090ED407F}.Debug|x64.Build.0 = Debug|Any CPU
		{55F8CB40-66A5-423E-BB97-575090ED407F}.Debug|x86.ActiveCfg = Debug|Any CPU
		{55F8CB40-66A5-423E-BB97-575090ED407F}.Debug|x86.Build.0 = Debug|Any CPU
		{55F8CB40-66A5-423E-BB97-575090ED407F}.Release|Any CPU.ActiveCfg = Release|Any CPU
		{55F8CB40-66A5-423E-BB97-575090ED407F}.Release|Any CPU.Build.0 = Release|Any CPU
		{55F8CB40-66A5-423E-BB97-575090ED407F}.Release|x64.ActiveCfg = Release|Any CPU
		{55F8CB40-66A5-423E-BB97-575090ED407F}.Release|x64.Build.0 = Release|Any CPU
		{55F8CB40-66A5-423E-BB97-575090ED407F}.Release|x86.ActiveCfg = Release|Any CPU
		{55F8CB40-66A5-423E-BB97-575090ED407F}.Release|x86.Build.0 = Release|Any CPU
		{187D6632-2693-4B91-A704-BA39DC592920}.Debug|Any CPU.ActiveCfg = Debug|Any CPU
		{187D6632-2693-4B91-A704-BA39DC592920}.Debug|Any CPU.Build.0 = Debug|Any CPU
		{187D6632-2693-4B91-A704-BA39DC592920}.Debug|x64.ActiveCfg = Debug|Any CPU
		{187D6632-2693-4B91-A704-BA39DC592920}.Debug|x64.Build.0 = Debug|Any CPU
		{187D6632-2693-4B91-A704-BA39DC592920}.Debug|x86.ActiveCfg = Debug|Any CPU
		{187D6632-2693-4B91-A704-BA39DC592920}.Debug|x86.Build.0 = Debug|Any CPU
		{187D6632-2693-4B91-A704-BA39DC592920}.Release|Any CPU.ActiveCfg = Release|Any CPU
		{187D6632-2693-4B91-A704-BA39DC592920}.Release|Any CPU.Build.0 = Release|Any CPU
		{187D6632-2693-4B91-A704-BA39DC592920}.Release|x64.ActiveCfg = Release|Any CPU
		{187D6632-2693-4B91-A704-BA39DC592920}.Release|x64.Build.0 = Release|Any CPU
		{187D6632-2693-4B91-A704-BA39DC592920}.Release|x86.ActiveCfg = Release|Any CPU
		{187D6632-2693-4B91-A704-BA39DC592920}.Release|x86.Build.0 = Release|Any CPU
		{74F63C81-7C35-4B53-9C81-46AA2E9DCE3D}.Debug|Any CPU.ActiveCfg = Debug|Any CPU
		{74F63C81-7C35-4B53-9C81-46AA2E9DCE3D}.Debug|Any CPU.Build.0 = Debug|Any CPU
		{74F63C81-7C35-4B53-9C81-46AA2E9DCE3D}.Debug|x64.ActiveCfg = Debug|Any CPU
		{74F63C81-7C35-4B53-9C81-46AA2E9DCE3D}.Debug|x64.Build.0 = Debug|Any CPU
		{74F63C81-7C35-4B53-9C81-46AA2E9DCE3D}.Debug|x86.ActiveCfg = Debug|Any CPU
		{74F63C81-7C35-4B53-9C81-46AA2E9DCE3D}.Debug|x86.Build.0 = Debug|Any CPU
		{74F63C81-7C35-4B53-9C81-46AA2E9DCE3D}.Release|Any CPU.ActiveCfg = Release|Any CPU
		{74F63C81-7C35-4B53-9C81-46AA2E9DCE3D}.Release|Any CPU.Build.0 = Release|Any CPU
		{74F63C81-7C35-4B53-9C81-46AA2E9DCE3D}.Release|x64.ActiveCfg = Release|Any CPU
		{74F63C81-7C35-4B53-9C81-46AA2E9DCE3D}.Release|x64.Build.0 = Release|Any CPU
		{74F63C81-7C35-4B53-9C81-46AA2E9DCE3D}.Release|x86.ActiveCfg = Release|Any CPU
		{74F63C81-7C35-4B53-9C81-46AA2E9DCE3D}.Release|x86.Build.0 = Release|Any CPU
		{1769ED94-7172-4038-A9D1-FDB23E6C1CFB}.Debug|Any CPU.ActiveCfg = Debug|Any CPU
		{1769ED94-7172-4038-A9D1-FDB23E6C1CFB}.Debug|Any CPU.Build.0 = Debug|Any CPU
		{1769ED94-7172-4038-A9D1-FDB23E6C1CFB}.Debug|x64.ActiveCfg = Debug|Any CPU
		{1769ED94-7172-4038-A9D1-FDB23E6C1CFB}.Debug|x64.Build.0 = Debug|Any CPU
		{1769ED94-7172-4038-A9D1-FDB23E6C1CFB}.Debug|x86.ActiveCfg = Debug|Any CPU
		{1769ED94-7172-4038-A9D1-FDB23E6C1CFB}.Debug|x86.Build.0 = Debug|Any CPU
		{1769ED94-7172-4038-A9D1-FDB23E6C1CFB}.Release|Any CPU.ActiveCfg = Release|Any CPU
		{1769ED94-7172-4038-A9D1-FDB23E6C1CFB}.Release|Any CPU.Build.0 = Release|Any CPU
		{1769ED94-7172-4038-A9D1-FDB23E6C1CFB}.Release|x64.ActiveCfg = Release|Any CPU
		{1769ED94-7172-4038-A9D1-FDB23E6C1CFB}.Release|x64.Build.0 = Release|Any CPU
		{1769ED94-7172-4038-A9D1-FDB23E6C1CFB}.Release|x86.ActiveCfg = Release|Any CPU
		{1769ED94-7172-4038-A9D1-FDB23E6C1CFB}.Release|x86.Build.0 = Release|Any CPU
		{2C420917-5CB5-4214-B2CA-67DFA25C8214}.Debug|Any CPU.ActiveCfg = Debug|Any CPU
		{2C420917-5CB5-4214-B2CA-67DFA25C8214}.Debug|Any CPU.Build.0 = Debug|Any CPU
		{2C420917-5CB5-4214-B2CA-67DFA25C8214}.Debug|x64.ActiveCfg = Debug|Any CPU
		{2C420917-5CB5-4214-B2CA-67DFA25C8214}.Debug|x64.Build.0 = Debug|Any CPU
		{2C420917-5CB5-4214-B2CA-67DFA25C8214}.Debug|x86.ActiveCfg = Debug|Any CPU
		{2C420917-5CB5-4214-B2CA-67DFA25C8214}.Debug|x86.Build.0 = Debug|Any CPU
		{2C420917-5CB5-4214-B2CA-67DFA25C8214}.Release|Any CPU.ActiveCfg = Release|Any CPU
		{2C420917-5CB5-4214-B2CA-67DFA25C8214}.Release|Any CPU.Build.0 = Release|Any CPU
		{2C420917-5CB5-4214-B2CA-67DFA25C8214}.Release|x64.ActiveCfg = Release|Any CPU
		{2C420917-5CB5-4214-B2CA-67DFA25C8214}.Release|x64.Build.0 = Release|Any CPU
		{2C420917-5CB5-4214-B2CA-67DFA25C8214}.Release|x86.ActiveCfg = Release|Any CPU
		{2C420917-5CB5-4214-B2CA-67DFA25C8214}.Release|x86.Build.0 = Release|Any CPU
		{3C387AC8-A579-4D40-82C9-E51582A80459}.Debug|Any CPU.ActiveCfg = Debug|Any CPU
		{3C387AC8-A579-4D40-82C9-E51582A80459}.Debug|Any CPU.Build.0 = Debug|Any CPU
		{3C387AC8-A579-4D40-82C9-E51582A80459}.Debug|x64.ActiveCfg = Debug|Any CPU
		{3C387AC8-A579-4D40-82C9-E51582A80459}.Debug|x64.Build.0 = Debug|Any CPU
		{3C387AC8-A579-4D40-82C9-E51582A80459}.Debug|x86.ActiveCfg = Debug|Any CPU
		{3C387AC8-A579-4D40-82C9-E51582A80459}.Debug|x86.Build.0 = Debug|Any CPU
		{3C387AC8-A579-4D40-82C9-E51582A80459}.Release|Any CPU.ActiveCfg = Release|Any CPU
		{3C387AC8-A579-4D40-82C9-E51582A80459}.Release|Any CPU.Build.0 = Release|Any CPU
		{3C387AC8-A579-4D40-82C9-E51582A80459}.Release|x64.ActiveCfg = Release|Any CPU
		{3C387AC8-A579-4D40-82C9-E51582A80459}.Release|x64.Build.0 = Release|Any CPU
		{3C387AC8-A579-4D40-82C9-E51582A80459}.Release|x86.ActiveCfg = Release|Any CPU
		{3C387AC8-A579-4D40-82C9-E51582A80459}.Release|x86.Build.0 = Release|Any CPU
		{8227D708-1F82-4197-969F-B82F86382DAF}.Debug|Any CPU.ActiveCfg = Debug|Any CPU
		{8227D708-1F82-4197-969F-B82F86382DAF}.Debug|Any CPU.Build.0 = Debug|Any CPU
		{8227D708-1F82-4197-969F-B82F86382DAF}.Debug|x64.ActiveCfg = Debug|Any CPU
		{8227D708-1F82-4197-969F-B82F86382DAF}.Debug|x64.Build.0 = Debug|Any CPU
		{8227D708-1F82-4197-969F-B82F86382DAF}.Debug|x86.ActiveCfg = Debug|Any CPU
		{8227D708-1F82-4197-969F-B82F86382DAF}.Debug|x86.Build.0 = Debug|Any CPU
		{8227D708-1F82-4197-969F-B82F86382DAF}.Release|Any CPU.ActiveCfg = Release|Any CPU
		{8227D708-1F82-4197-969F-B82F86382DAF}.Release|Any CPU.Build.0 = Release|Any CPU
		{8227D708-1F82-4197-969F-B82F86382DAF}.Release|x64.ActiveCfg = Release|Any CPU
		{8227D708-1F82-4197-969F-B82F86382DAF}.Release|x64.Build.0 = Release|Any CPU
		{8227D708-1F82-4197-969F-B82F86382DAF}.Release|x86.ActiveCfg = Release|Any CPU
		{8227D708-1F82-4197-969F-B82F86382DAF}.Release|x86.Build.0 = Release|Any CPU
		{452EBBB8-1007-4AAA-BFCE-E27E43B23FC3}.Debug|Any CPU.ActiveCfg = Debug|Any CPU
		{452EBBB8-1007-4AAA-BFCE-E27E43B23FC3}.Debug|Any CPU.Build.0 = Debug|Any CPU
		{452EBBB8-1007-4AAA-BFCE-E27E43B23FC3}.Debug|x64.ActiveCfg = Debug|Any CPU
		{452EBBB8-1007-4AAA-BFCE-E27E43B23FC3}.Debug|x64.Build.0 = Debug|Any CPU
		{452EBBB8-1007-4AAA-BFCE-E27E43B23FC3}.Debug|x86.ActiveCfg = Debug|Any CPU
		{452EBBB8-1007-4AAA-BFCE-E27E43B23FC3}.Debug|x86.Build.0 = Debug|Any CPU
		{452EBBB8-1007-4AAA-BFCE-E27E43B23FC3}.Release|Any CPU.ActiveCfg = Release|Any CPU
		{452EBBB8-1007-4AAA-BFCE-E27E43B23FC3}.Release|Any CPU.Build.0 = Release|Any CPU
		{452EBBB8-1007-4AAA-BFCE-E27E43B23FC3}.Release|x64.ActiveCfg = Release|Any CPU
		{452EBBB8-1007-4AAA-BFCE-E27E43B23FC3}.Release|x64.Build.0 = Release|Any CPU
		{452EBBB8-1007-4AAA-BFCE-E27E43B23FC3}.Release|x86.ActiveCfg = Release|Any CPU
		{452EBBB8-1007-4AAA-BFCE-E27E43B23FC3}.Release|x86.Build.0 = Release|Any CPU
		{4129A1BA-C740-4059-9BDD-8861CB298481}.Debug|Any CPU.ActiveCfg = Debug|Any CPU
		{4129A1BA-C740-4059-9BDD-8861CB298481}.Debug|Any CPU.Build.0 = Debug|Any CPU
		{4129A1BA-C740-4059-9BDD-8861CB298481}.Debug|x64.ActiveCfg = Debug|Any CPU
		{4129A1BA-C740-4059-9BDD-8861CB298481}.Debug|x64.Build.0 = Debug|Any CPU
		{4129A1BA-C740-4059-9BDD-8861CB298481}.Debug|x86.ActiveCfg = Debug|Any CPU
		{4129A1BA-C740-4059-9BDD-8861CB298481}.Debug|x86.Build.0 = Debug|Any CPU
		{4129A1BA-C740-4059-9BDD-8861CB298481}.Release|Any CPU.ActiveCfg = Release|Any CPU
		{4129A1BA-C740-4059-9BDD-8861CB298481}.Release|Any CPU.Build.0 = Release|Any CPU
		{4129A1BA-C740-4059-9BDD-8861CB298481}.Release|x64.ActiveCfg = Release|Any CPU
		{4129A1BA-C740-4059-9BDD-8861CB298481}.Release|x64.Build.0 = Release|Any CPU
		{4129A1BA-C740-4059-9BDD-8861CB298481}.Release|x86.ActiveCfg = Release|Any CPU
		{4129A1BA-C740-4059-9BDD-8861CB298481}.Release|x86.Build.0 = Release|Any CPU
		{B80EE070-683F-4254-94D3-1A87F2EAF95D}.Debug|Any CPU.ActiveCfg = Debug|Any CPU
		{B80EE070-683F-4254-94D3-1A87F2EAF95D}.Debug|Any CPU.Build.0 = Debug|Any CPU
		{B80EE070-683F-4254-94D3-1A87F2EAF95D}.Debug|x64.ActiveCfg = Debug|Any CPU
		{B80EE070-683F-4254-94D3-1A87F2EAF95D}.Debug|x64.Build.0 = Debug|Any CPU
		{B80EE070-683F-4254-94D3-1A87F2EAF95D}.Debug|x86.ActiveCfg = Debug|Any CPU
		{B80EE070-683F-4254-94D3-1A87F2EAF95D}.Debug|x86.Build.0 = Debug|Any CPU
		{B80EE070-683F-4254-94D3-1A87F2EAF95D}.Release|Any CPU.ActiveCfg = Release|Any CPU
		{B80EE070-683F-4254-94D3-1A87F2EAF95D}.Release|Any CPU.Build.0 = Release|Any CPU
		{B80EE070-683F-4254-94D3-1A87F2EAF95D}.Release|x64.ActiveCfg = Release|Any CPU
		{B80EE070-683F-4254-94D3-1A87F2EAF95D}.Release|x64.Build.0 = Release|Any CPU
		{B80EE070-683F-4254-94D3-1A87F2EAF95D}.Release|x86.ActiveCfg = Release|Any CPU
		{B80EE070-683F-4254-94D3-1A87F2EAF95D}.Release|x86.Build.0 = Release|Any CPU
		{BE3E6D36-5A08-4A41-8D6C-C94D2DED991A}.Debug|Any CPU.ActiveCfg = Debug|Any CPU
		{BE3E6D36-5A08-4A41-8D6C-C94D2DED991A}.Debug|Any CPU.Build.0 = Debug|Any CPU
		{BE3E6D36-5A08-4A41-8D6C-C94D2DED991A}.Debug|x64.ActiveCfg = Debug|Any CPU
		{BE3E6D36-5A08-4A41-8D6C-C94D2DED991A}.Debug|x64.Build.0 = Debug|Any CPU
		{BE3E6D36-5A08-4A41-8D6C-C94D2DED991A}.Debug|x86.ActiveCfg = Debug|Any CPU
		{BE3E6D36-5A08-4A41-8D6C-C94D2DED991A}.Debug|x86.Build.0 = Debug|Any CPU
		{BE3E6D36-5A08-4A41-8D6C-C94D2DED991A}.Release|Any CPU.ActiveCfg = Release|Any CPU
		{BE3E6D36-5A08-4A41-8D6C-C94D2DED991A}.Release|Any CPU.Build.0 = Release|Any CPU
		{BE3E6D36-5A08-4A41-8D6C-C94D2DED991A}.Release|x64.ActiveCfg = Release|Any CPU
		{BE3E6D36-5A08-4A41-8D6C-C94D2DED991A}.Release|x64.Build.0 = Release|Any CPU
		{BE3E6D36-5A08-4A41-8D6C-C94D2DED991A}.Release|x86.ActiveCfg = Release|Any CPU
		{BE3E6D36-5A08-4A41-8D6C-C94D2DED991A}.Release|x86.Build.0 = Release|Any CPU
		{86C9643B-5069-4327-9C0C-D728F7A650AF}.Debug|Any CPU.ActiveCfg = Debug|Any CPU
		{86C9643B-5069-4327-9C0C-D728F7A650AF}.Debug|Any CPU.Build.0 = Debug|Any CPU
		{86C9643B-5069-4327-9C0C-D728F7A650AF}.Debug|x64.ActiveCfg = Debug|Any CPU
		{86C9643B-5069-4327-9C0C-D728F7A650AF}.Debug|x64.Build.0 = Debug|Any CPU
		{86C9643B-5069-4327-9C0C-D728F7A650AF}.Debug|x86.ActiveCfg = Debug|Any CPU
		{86C9643B-5069-4327-9C0C-D728F7A650AF}.Debug|x86.Build.0 = Debug|Any CPU
		{86C9643B-5069-4327-9C0C-D728F7A650AF}.Release|Any CPU.ActiveCfg = Release|Any CPU
		{86C9643B-5069-4327-9C0C-D728F7A650AF}.Release|Any CPU.Build.0 = Release|Any CPU
		{86C9643B-5069-4327-9C0C-D728F7A650AF}.Release|x64.ActiveCfg = Release|Any CPU
		{86C9643B-5069-4327-9C0C-D728F7A650AF}.Release|x64.Build.0 = Release|Any CPU
		{86C9643B-5069-4327-9C0C-D728F7A650AF}.Release|x86.ActiveCfg = Release|Any CPU
		{86C9643B-5069-4327-9C0C-D728F7A650AF}.Release|x86.Build.0 = Release|Any CPU
		{86D19BD2-7D08-4F76-B749-50A38CDEBA4B}.Debug|Any CPU.ActiveCfg = Debug|Any CPU
		{86D19BD2-7D08-4F76-B749-50A38CDEBA4B}.Debug|Any CPU.Build.0 = Debug|Any CPU
		{86D19BD2-7D08-4F76-B749-50A38CDEBA4B}.Debug|x64.ActiveCfg = Debug|Any CPU
		{86D19BD2-7D08-4F76-B749-50A38CDEBA4B}.Debug|x64.Build.0 = Debug|Any CPU
		{86D19BD2-7D08-4F76-B749-50A38CDEBA4B}.Debug|x86.ActiveCfg = Debug|Any CPU
		{86D19BD2-7D08-4F76-B749-50A38CDEBA4B}.Debug|x86.Build.0 = Debug|Any CPU
		{86D19BD2-7D08-4F76-B749-50A38CDEBA4B}.Release|Any CPU.ActiveCfg = Release|Any CPU
		{86D19BD2-7D08-4F76-B749-50A38CDEBA4B}.Release|Any CPU.Build.0 = Release|Any CPU
		{86D19BD2-7D08-4F76-B749-50A38CDEBA4B}.Release|x64.ActiveCfg = Release|Any CPU
		{86D19BD2-7D08-4F76-B749-50A38CDEBA4B}.Release|x64.Build.0 = Release|Any CPU
		{86D19BD2-7D08-4F76-B749-50A38CDEBA4B}.Release|x86.ActiveCfg = Release|Any CPU
		{86D19BD2-7D08-4F76-B749-50A38CDEBA4B}.Release|x86.Build.0 = Release|Any CPU
		{14BAD204-F6F2-41B3-A36F-9766A5DF4765}.Debug|Any CPU.ActiveCfg = Debug|Any CPU
		{14BAD204-F6F2-41B3-A36F-9766A5DF4765}.Debug|Any CPU.Build.0 = Debug|Any CPU
		{14BAD204-F6F2-41B3-A36F-9766A5DF4765}.Debug|x64.ActiveCfg = Debug|Any CPU
		{14BAD204-F6F2-41B3-A36F-9766A5DF4765}.Debug|x64.Build.0 = Debug|Any CPU
		{14BAD204-F6F2-41B3-A36F-9766A5DF4765}.Debug|x86.ActiveCfg = Debug|Any CPU
		{14BAD204-F6F2-41B3-A36F-9766A5DF4765}.Debug|x86.Build.0 = Debug|Any CPU
		{14BAD204-F6F2-41B3-A36F-9766A5DF4765}.Release|Any CPU.ActiveCfg = Release|Any CPU
		{14BAD204-F6F2-41B3-A36F-9766A5DF4765}.Release|Any CPU.Build.0 = Release|Any CPU
		{14BAD204-F6F2-41B3-A36F-9766A5DF4765}.Release|x64.ActiveCfg = Release|Any CPU
		{14BAD204-F6F2-41B3-A36F-9766A5DF4765}.Release|x64.Build.0 = Release|Any CPU
		{14BAD204-F6F2-41B3-A36F-9766A5DF4765}.Release|x86.ActiveCfg = Release|Any CPU
		{14BAD204-F6F2-41B3-A36F-9766A5DF4765}.Release|x86.Build.0 = Release|Any CPU
		{E4F32E90-9777-4D32-8D84-F1E3028D59EC}.Debug|Any CPU.ActiveCfg = Debug|Any CPU
		{E4F32E90-9777-4D32-8D84-F1E3028D59EC}.Debug|Any CPU.Build.0 = Debug|Any CPU
		{E4F32E90-9777-4D32-8D84-F1E3028D59EC}.Debug|x64.ActiveCfg = Debug|Any CPU
		{E4F32E90-9777-4D32-8D84-F1E3028D59EC}.Debug|x64.Build.0 = Debug|Any CPU
		{E4F32E90-9777-4D32-8D84-F1E3028D59EC}.Debug|x86.ActiveCfg = Debug|Any CPU
		{E4F32E90-9777-4D32-8D84-F1E3028D59EC}.Debug|x86.Build.0 = Debug|Any CPU
		{E4F32E90-9777-4D32-8D84-F1E3028D59EC}.Release|Any CPU.ActiveCfg = Release|Any CPU
		{E4F32E90-9777-4D32-8D84-F1E3028D59EC}.Release|Any CPU.Build.0 = Release|Any CPU
		{E4F32E90-9777-4D32-8D84-F1E3028D59EC}.Release|x64.ActiveCfg = Release|Any CPU
		{E4F32E90-9777-4D32-8D84-F1E3028D59EC}.Release|x64.Build.0 = Release|Any CPU
		{E4F32E90-9777-4D32-8D84-F1E3028D59EC}.Release|x86.ActiveCfg = Release|Any CPU
		{E4F32E90-9777-4D32-8D84-F1E3028D59EC}.Release|x86.Build.0 = Release|Any CPU
		{21DDCF6C-E539-4B67-9F66-2DBCD90821C3}.Debug|Any CPU.ActiveCfg = Debug|Any CPU
		{21DDCF6C-E539-4B67-9F66-2DBCD90821C3}.Debug|Any CPU.Build.0 = Debug|Any CPU
		{21DDCF6C-E539-4B67-9F66-2DBCD90821C3}.Debug|x64.ActiveCfg = Debug|Any CPU
		{21DDCF6C-E539-4B67-9F66-2DBCD90821C3}.Debug|x64.Build.0 = Debug|Any CPU
		{21DDCF6C-E539-4B67-9F66-2DBCD90821C3}.Debug|x86.ActiveCfg = Debug|Any CPU
		{21DDCF6C-E539-4B67-9F66-2DBCD90821C3}.Debug|x86.Build.0 = Debug|Any CPU
		{21DDCF6C-E539-4B67-9F66-2DBCD90821C3}.Release|Any CPU.ActiveCfg = Release|Any CPU
		{21DDCF6C-E539-4B67-9F66-2DBCD90821C3}.Release|Any CPU.Build.0 = Release|Any CPU
		{21DDCF6C-E539-4B67-9F66-2DBCD90821C3}.Release|x64.ActiveCfg = Release|Any CPU
		{21DDCF6C-E539-4B67-9F66-2DBCD90821C3}.Release|x64.Build.0 = Release|Any CPU
		{21DDCF6C-E539-4B67-9F66-2DBCD90821C3}.Release|x86.ActiveCfg = Release|Any CPU
		{21DDCF6C-E539-4B67-9F66-2DBCD90821C3}.Release|x86.Build.0 = Release|Any CPU
		{B89FD785-8F3D-49E6-BB62-B8A92CB93F30}.Debug|Any CPU.ActiveCfg = Debug|Any CPU
		{B89FD785-8F3D-49E6-BB62-B8A92CB93F30}.Debug|Any CPU.Build.0 = Debug|Any CPU
		{B89FD785-8F3D-49E6-BB62-B8A92CB93F30}.Debug|x64.ActiveCfg = Debug|Any CPU
		{B89FD785-8F3D-49E6-BB62-B8A92CB93F30}.Debug|x64.Build.0 = Debug|Any CPU
		{B89FD785-8F3D-49E6-BB62-B8A92CB93F30}.Debug|x86.ActiveCfg = Debug|Any CPU
		{B89FD785-8F3D-49E6-BB62-B8A92CB93F30}.Debug|x86.Build.0 = Debug|Any CPU
		{B89FD785-8F3D-49E6-BB62-B8A92CB93F30}.Release|Any CPU.ActiveCfg = Release|Any CPU
		{B89FD785-8F3D-49E6-BB62-B8A92CB93F30}.Release|Any CPU.Build.0 = Release|Any CPU
		{B89FD785-8F3D-49E6-BB62-B8A92CB93F30}.Release|x64.ActiveCfg = Release|Any CPU
		{B89FD785-8F3D-49E6-BB62-B8A92CB93F30}.Release|x64.Build.0 = Release|Any CPU
		{B89FD785-8F3D-49E6-BB62-B8A92CB93F30}.Release|x86.ActiveCfg = Release|Any CPU
		{B89FD785-8F3D-49E6-BB62-B8A92CB93F30}.Release|x86.Build.0 = Release|Any CPU
		{5AEC0321-A72D-498E-94CD-3F687B51A52B}.Debug|Any CPU.ActiveCfg = Debug|Any CPU
		{5AEC0321-A72D-498E-94CD-3F687B51A52B}.Debug|Any CPU.Build.0 = Debug|Any CPU
		{5AEC0321-A72D-498E-94CD-3F687B51A52B}.Debug|x64.ActiveCfg = Debug|Any CPU
		{5AEC0321-A72D-498E-94CD-3F687B51A52B}.Debug|x64.Build.0 = Debug|Any CPU
		{5AEC0321-A72D-498E-94CD-3F687B51A52B}.Debug|x86.ActiveCfg = Debug|Any CPU
		{5AEC0321-A72D-498E-94CD-3F687B51A52B}.Debug|x86.Build.0 = Debug|Any CPU
		{5AEC0321-A72D-498E-94CD-3F687B51A52B}.Release|Any CPU.ActiveCfg = Release|Any CPU
		{5AEC0321-A72D-498E-94CD-3F687B51A52B}.Release|Any CPU.Build.0 = Release|Any CPU
		{5AEC0321-A72D-498E-94CD-3F687B51A52B}.Release|x64.ActiveCfg = Release|Any CPU
		{5AEC0321-A72D-498E-94CD-3F687B51A52B}.Release|x64.Build.0 = Release|Any CPU
		{5AEC0321-A72D-498E-94CD-3F687B51A52B}.Release|x86.ActiveCfg = Release|Any CPU
		{5AEC0321-A72D-498E-94CD-3F687B51A52B}.Release|x86.Build.0 = Release|Any CPU
		{12688C11-CAF4-4AFE-8682-E3FBA277CD72}.Debug|Any CPU.ActiveCfg = Debug|Any CPU
		{12688C11-CAF4-4AFE-8682-E3FBA277CD72}.Debug|Any CPU.Build.0 = Debug|Any CPU
		{12688C11-CAF4-4AFE-8682-E3FBA277CD72}.Debug|x64.ActiveCfg = Debug|Any CPU
		{12688C11-CAF4-4AFE-8682-E3FBA277CD72}.Debug|x64.Build.0 = Debug|Any CPU
		{12688C11-CAF4-4AFE-8682-E3FBA277CD72}.Debug|x86.ActiveCfg = Debug|Any CPU
		{12688C11-CAF4-4AFE-8682-E3FBA277CD72}.Debug|x86.Build.0 = Debug|Any CPU
		{12688C11-CAF4-4AFE-8682-E3FBA277CD72}.Release|Any CPU.ActiveCfg = Release|Any CPU
		{12688C11-CAF4-4AFE-8682-E3FBA277CD72}.Release|Any CPU.Build.0 = Release|Any CPU
		{12688C11-CAF4-4AFE-8682-E3FBA277CD72}.Release|x64.ActiveCfg = Release|Any CPU
		{12688C11-CAF4-4AFE-8682-E3FBA277CD72}.Release|x64.Build.0 = Release|Any CPU
		{12688C11-CAF4-4AFE-8682-E3FBA277CD72}.Release|x86.ActiveCfg = Release|Any CPU
		{12688C11-CAF4-4AFE-8682-E3FBA277CD72}.Release|x86.Build.0 = Release|Any CPU
		{79585395-6A88-4051-97A0-EA2D3055E0BE}.Debug|Any CPU.ActiveCfg = Debug|Any CPU
		{79585395-6A88-4051-97A0-EA2D3055E0BE}.Debug|Any CPU.Build.0 = Debug|Any CPU
		{79585395-6A88-4051-97A0-EA2D3055E0BE}.Debug|x64.ActiveCfg = Debug|Any CPU
		{79585395-6A88-4051-97A0-EA2D3055E0BE}.Debug|x64.Build.0 = Debug|Any CPU
		{79585395-6A88-4051-97A0-EA2D3055E0BE}.Debug|x86.ActiveCfg = Debug|Any CPU
		{79585395-6A88-4051-97A0-EA2D3055E0BE}.Debug|x86.Build.0 = Debug|Any CPU
		{79585395-6A88-4051-97A0-EA2D3055E0BE}.Release|Any CPU.ActiveCfg = Release|Any CPU
		{79585395-6A88-4051-97A0-EA2D3055E0BE}.Release|Any CPU.Build.0 = Release|Any CPU
		{79585395-6A88-4051-97A0-EA2D3055E0BE}.Release|x64.ActiveCfg = Release|Any CPU
		{79585395-6A88-4051-97A0-EA2D3055E0BE}.Release|x64.Build.0 = Release|Any CPU
		{79585395-6A88-4051-97A0-EA2D3055E0BE}.Release|x86.ActiveCfg = Release|Any CPU
		{79585395-6A88-4051-97A0-EA2D3055E0BE}.Release|x86.Build.0 = Release|Any CPU
	EndGlobalSection
EndGlobal
